// !$*UTF8*$!
{
	archiveVersion = 1;
	classes = {
	};
	objectVersion = 48;
	objects = {

/* Begin PBXBuildFile section */
		0B06E71F387DD398B92ED2FB /* libPods-ZPZThirdFrameworkPractice.a in Frameworks */ = {isa = PBXBuildFile; fileRef = 22CC7C56C66BF749683D5B79 /* libPods-ZPZThirdFrameworkPractice.a */; };
		AEE8397A53EBB5A4E4445EDA /* libPods-ZPZThirdFrameworkPracticeUITests.a in Frameworks */ = {isa = PBXBuildFile; fileRef = 15038A52312D9BCE1718BDF9 /* libPods-ZPZThirdFrameworkPracticeUITests.a */; };
		DB3183DC200DF8D50085F70B /* AppDelegate.m in Sources */ = {isa = PBXBuildFile; fileRef = DB3183DB200DF8D50085F70B /* AppDelegate.m */; };
		DB3183DF200DF8D50085F70B /* ViewController.m in Sources */ = {isa = PBXBuildFile; fileRef = DB3183DE200DF8D50085F70B /* ViewController.m */; };
		DB3183E4200DF8D50085F70B /* Assets.xcassets in Resources */ = {isa = PBXBuildFile; fileRef = DB3183E3200DF8D50085F70B /* Assets.xcassets */; };
		DB3183E7200DF8D50085F70B /* LaunchScreen.storyboard in Resources */ = {isa = PBXBuildFile; fileRef = DB3183E5200DF8D50085F70B /* LaunchScreen.storyboard */; };
		DB3183EA200DF8D50085F70B /* main.m in Sources */ = {isa = PBXBuildFile; fileRef = DB3183E9200DF8D50085F70B /* main.m */; };
		DB3183F4200DF8D60085F70B /* ZPZThirdFrameworkPracticeTests.m in Sources */ = {isa = PBXBuildFile; fileRef = DB3183F3200DF8D60085F70B /* ZPZThirdFrameworkPracticeTests.m */; };
		DB3183FF200DF8D60085F70B /* ZPZThirdFrameworkPracticeUITests.m in Sources */ = {isa = PBXBuildFile; fileRef = DB3183FE200DF8D60085F70B /* ZPZThirdFrameworkPracticeUITests.m */; };
		DB31840F200DF9590085F70B /* BaseViewController.m in Sources */ = {isa = PBXBuildFile; fileRef = DB31840E200DF9590085F70B /* BaseViewController.m */; };
		DFF69DF20EE67FE2ED30DEE1 /* libPods-ZPZThirdFrameworkPracticeTests.a in Frameworks */ = {isa = PBXBuildFile; fileRef = D124FDB26DBA3BE7E5955974 /* libPods-ZPZThirdFrameworkPracticeTests.a */; };
/* End PBXBuildFile section */

/* Begin PBXContainerItemProxy section */
		DB3183F0200DF8D50085F70B /* PBXContainerItemProxy */ = {
			isa = PBXContainerItemProxy;
			containerPortal = DB3183CF200DF8D50085F70B /* Project object */;
			proxyType = 1;
			remoteGlobalIDString = DB3183D6200DF8D50085F70B;
			remoteInfo = ZPZThirdFrameworkPractice;
		};
		DB3183FB200DF8D60085F70B /* PBXContainerItemProxy */ = {
			isa = PBXContainerItemProxy;
			containerPortal = DB3183CF200DF8D50085F70B /* Project object */;
			proxyType = 1;
			remoteGlobalIDString = DB3183D6200DF8D50085F70B;
			remoteInfo = ZPZThirdFrameworkPractice;
		};
/* End PBXContainerItemProxy section */

/* Begin PBXFileReference section */
		15038A52312D9BCE1718BDF9 /* libPods-ZPZThirdFrameworkPracticeUITests.a */ = {isa = PBXFileReference; explicitFileType = archive.ar; includeInIndex = 0; path = "libPods-ZPZThirdFrameworkPracticeUITests.a"; sourceTree = BUILT_PRODUCTS_DIR; };
		22CC7C56C66BF749683D5B79 /* libPods-ZPZThirdFrameworkPractice.a */ = {isa = PBXFileReference; explicitFileType = archive.ar; includeInIndex = 0; path = "libPods-ZPZThirdFrameworkPractice.a"; sourceTree = BUILT_PRODUCTS_DIR; };
		551ACA544851085D2617FA5B /* Pods-ZPZThirdFrameworkPractice.debug.xcconfig */ = {isa = PBXFileReference; includeInIndex = 1; lastKnownFileType = text.xcconfig; name = "Pods-ZPZThirdFrameworkPractice.debug.xcconfig"; path = "Pods/Target Support Files/Pods-ZPZThirdFrameworkPractice/Pods-ZPZThirdFrameworkPractice.debug.xcconfig"; sourceTree = "<group>"; };
		6C3C9C082D042B861F0AD174 /* Pods-ZPZThirdFrameworkPracticeTests.release.xcconfig */ = {isa = PBXFileReference; includeInIndex = 1; lastKnownFileType = text.xcconfig; name = "Pods-ZPZThirdFrameworkPracticeTests.release.xcconfig"; path = "Pods/Target Support Files/Pods-ZPZThirdFrameworkPracticeTests/Pods-ZPZThirdFrameworkPracticeTests.release.xcconfig"; sourceTree = "<group>"; };
		8028933910D2AB38F3182EA2 /* Pods-ZPZThirdFrameworkPracticeTests.debug.xcconfig */ = {isa = PBXFileReference; includeInIndex = 1; lastKnownFileType = text.xcconfig; name = "Pods-ZPZThirdFrameworkPracticeTests.debug.xcconfig"; path = "Pods/Target Support Files/Pods-ZPZThirdFrameworkPracticeTests/Pods-ZPZThirdFrameworkPracticeTests.debug.xcconfig"; sourceTree = "<group>"; };
		A3FC444DE680141998E1F018 /* Pods-ZPZThirdFrameworkPracticeUITests.debug.xcconfig */ = {isa = PBXFileReference; includeInIndex = 1; lastKnownFileType = text.xcconfig; name = "Pods-ZPZThirdFrameworkPracticeUITests.debug.xcconfig"; path = "Pods/Target Support Files/Pods-ZPZThirdFrameworkPracticeUITests/Pods-ZPZThirdFrameworkPracticeUITests.debug.xcconfig"; sourceTree = "<group>"; };
		BE6939F306DFE6887F7BE728 /* Pods-ZPZThirdFrameworkPractice.release.xcconfig */ = {isa = PBXFileReference; includeInIndex = 1; lastKnownFileType = text.xcconfig; name = "Pods-ZPZThirdFrameworkPractice.release.xcconfig"; path = "Pods/Target Support Files/Pods-ZPZThirdFrameworkPractice/Pods-ZPZThirdFrameworkPractice.release.xcconfig"; sourceTree = "<group>"; };
		D124FDB26DBA3BE7E5955974 /* libPods-ZPZThirdFrameworkPracticeTests.a */ = {isa = PBXFileReference; explicitFileType = archive.ar; includeInIndex = 0; path = "libPods-ZPZThirdFrameworkPracticeTests.a"; sourceTree = BUILT_PRODUCTS_DIR; };
		D693BFC8F97470C9A4EDACE8 /* Pods-ZPZThirdFrameworkPracticeUITests.release.xcconfig */ = {isa = PBXFileReference; includeInIndex = 1; lastKnownFileType = text.xcconfig; name = "Pods-ZPZThirdFrameworkPracticeUITests.release.xcconfig"; path = "Pods/Target Support Files/Pods-ZPZThirdFrameworkPracticeUITests/Pods-ZPZThirdFrameworkPracticeUITests.release.xcconfig"; sourceTree = "<group>"; };
		DB3183D7200DF8D50085F70B /* ZPZThirdFrameworkPractice.app */ = {isa = PBXFileReference; explicitFileType = wrapper.application; includeInIndex = 0; path = ZPZThirdFrameworkPractice.app; sourceTree = BUILT_PRODUCTS_DIR; };
		DB3183DA200DF8D50085F70B /* AppDelegate.h */ = {isa = PBXFileReference; lastKnownFileType = sourcecode.c.h; path = AppDelegate.h; sourceTree = "<group>"; };
		DB3183DB200DF8D50085F70B /* AppDelegate.m */ = {isa = PBXFileReference; lastKnownFileType = sourcecode.c.objc; path = AppDelegate.m; sourceTree = "<group>"; };
		DB3183DD200DF8D50085F70B /* ViewController.h */ = {isa = PBXFileReference; lastKnownFileType = sourcecode.c.h; path = ViewController.h; sourceTree = "<group>"; };
		DB3183DE200DF8D50085F70B /* ViewController.m */ = {isa = PBXFileReference; lastKnownFileType = sourcecode.c.objc; path = ViewController.m; sourceTree = "<group>"; };
		DB3183E3200DF8D50085F70B /* Assets.xcassets */ = {isa = PBXFileReference; lastKnownFileType = folder.assetcatalog; path = Assets.xcassets; sourceTree = "<group>"; };
		DB3183E6200DF8D50085F70B /* Base */ = {isa = PBXFileReference; lastKnownFileType = file.storyboard; name = Base; path = Base.lproj/LaunchScreen.storyboard; sourceTree = "<group>"; };
		DB3183E8200DF8D50085F70B /* Info.plist */ = {isa = PBXFileReference; lastKnownFileType = text.plist.xml; path = Info.plist; sourceTree = "<group>"; };
		DB3183E9200DF8D50085F70B /* main.m */ = {isa = PBXFileReference; lastKnownFileType = sourcecode.c.objc; path = main.m; sourceTree = "<group>"; };
		DB3183EF200DF8D50085F70B /* ZPZThirdFrameworkPracticeTests.xctest */ = {isa = PBXFileReference; explicitFileType = wrapper.cfbundle; includeInIndex = 0; path = ZPZThirdFrameworkPracticeTests.xctest; sourceTree = BUILT_PRODUCTS_DIR; };
		DB3183F3200DF8D60085F70B /* ZPZThirdFrameworkPracticeTests.m */ = {isa = PBXFileReference; lastKnownFileType = sourcecode.c.objc; path = ZPZThirdFrameworkPracticeTests.m; sourceTree = "<group>"; };
		DB3183F5200DF8D60085F70B /* Info.plist */ = {isa = PBXFileReference; lastKnownFileType = text.plist.xml; path = Info.plist; sourceTree = "<group>"; };
		DB3183FA200DF8D60085F70B /* ZPZThirdFrameworkPracticeUITests.xctest */ = {isa = PBXFileReference; explicitFileType = wrapper.cfbundle; includeInIndex = 0; path = ZPZThirdFrameworkPracticeUITests.xctest; sourceTree = BUILT_PRODUCTS_DIR; };
		DB3183FE200DF8D60085F70B /* ZPZThirdFrameworkPracticeUITests.m */ = {isa = PBXFileReference; lastKnownFileType = sourcecode.c.objc; path = ZPZThirdFrameworkPracticeUITests.m; sourceTree = "<group>"; };
		DB318400200DF8D60085F70B /* Info.plist */ = {isa = PBXFileReference; lastKnownFileType = text.plist.xml; path = Info.plist; sourceTree = "<group>"; };
		DB31840D200DF9590085F70B /* BaseViewController.h */ = {isa = PBXFileReference; lastKnownFileType = sourcecode.c.h; path = BaseViewController.h; sourceTree = "<group>"; };
		DB31840E200DF9590085F70B /* BaseViewController.m */ = {isa = PBXFileReference; lastKnownFileType = sourcecode.c.objc; path = BaseViewController.m; sourceTree = "<group>"; };
/* End PBXFileReference section */

/* Begin PBXFrameworksBuildPhase section */
		DB3183D4200DF8D50085F70B /* Frameworks */ = {
			isa = PBXFrameworksBuildPhase;
			buildActionMask = 2147483647;
			files = (
				0B06E71F387DD398B92ED2FB /* libPods-ZPZThirdFrameworkPractice.a in Frameworks */,
			);
			runOnlyForDeploymentPostprocessing = 0;
		};
		DB3183EC200DF8D50085F70B /* Frameworks */ = {
			isa = PBXFrameworksBuildPhase;
			buildActionMask = 2147483647;
			files = (
				DFF69DF20EE67FE2ED30DEE1 /* libPods-ZPZThirdFrameworkPracticeTests.a in Frameworks */,
			);
			runOnlyForDeploymentPostprocessing = 0;
		};
		DB3183F7200DF8D60085F70B /* Frameworks */ = {
			isa = PBXFrameworksBuildPhase;
			buildActionMask = 2147483647;
			files = (
				AEE8397A53EBB5A4E4445EDA /* libPods-ZPZThirdFrameworkPracticeUITests.a in Frameworks */,
			);
			runOnlyForDeploymentPostprocessing = 0;
		};
/* End PBXFrameworksBuildPhase section */

/* Begin PBXGroup section */
		923946233B22E423ADA97E99 /* Frameworks */ = {
			isa = PBXGroup;
			children = (
				22CC7C56C66BF749683D5B79 /* libPods-ZPZThirdFrameworkPractice.a */,
				D124FDB26DBA3BE7E5955974 /* libPods-ZPZThirdFrameworkPracticeTests.a */,
				15038A52312D9BCE1718BDF9 /* libPods-ZPZThirdFrameworkPracticeUITests.a */,
			);
			name = Frameworks;
			sourceTree = "<group>";
		};
		A7BDB8561F892C52C54C07D5 /* Pods */ = {
			isa = PBXGroup;
			children = (
				551ACA544851085D2617FA5B /* Pods-ZPZThirdFrameworkPractice.debug.xcconfig */,
				BE6939F306DFE6887F7BE728 /* Pods-ZPZThirdFrameworkPractice.release.xcconfig */,
				8028933910D2AB38F3182EA2 /* Pods-ZPZThirdFrameworkPracticeTests.debug.xcconfig */,
				6C3C9C082D042B861F0AD174 /* Pods-ZPZThirdFrameworkPracticeTests.release.xcconfig */,
				A3FC444DE680141998E1F018 /* Pods-ZPZThirdFrameworkPracticeUITests.debug.xcconfig */,
				D693BFC8F97470C9A4EDACE8 /* Pods-ZPZThirdFrameworkPracticeUITests.release.xcconfig */,
			);
			name = Pods;
			sourceTree = "<group>";
		};
		DB3183CE200DF8D50085F70B = {
			isa = PBXGroup;
			children = (
				DB31840C200DF94A0085F70B /* Base */,
				DB3183D9200DF8D50085F70B /* ZPZThirdFrameworkPractice */,
				DB3183F2200DF8D60085F70B /* ZPZThirdFrameworkPracticeTests */,
				DB3183FD200DF8D60085F70B /* ZPZThirdFrameworkPracticeUITests */,
				DB3183D8200DF8D50085F70B /* Products */,
				A7BDB8561F892C52C54C07D5 /* Pods */,
				923946233B22E423ADA97E99 /* Frameworks */,
			);
			sourceTree = "<group>";
		};
		DB3183D8200DF8D50085F70B /* Products */ = {
			isa = PBXGroup;
			children = (
				DB3183D7200DF8D50085F70B /* ZPZThirdFrameworkPractice.app */,
				DB3183EF200DF8D50085F70B /* ZPZThirdFrameworkPracticeTests.xctest */,
				DB3183FA200DF8D60085F70B /* ZPZThirdFrameworkPracticeUITests.xctest */,
			);
			name = Products;
			sourceTree = "<group>";
		};
		DB3183D9200DF8D50085F70B /* ZPZThirdFrameworkPractice */ = {
			isa = PBXGroup;
			children = (
				DB3183DA200DF8D50085F70B /* AppDelegate.h */,
				DB3183DB200DF8D50085F70B /* AppDelegate.m */,
				DB3183DD200DF8D50085F70B /* ViewController.h */,
				DB3183DE200DF8D50085F70B /* ViewController.m */,
				DB3183E3200DF8D50085F70B /* Assets.xcassets */,
				DB3183E5200DF8D50085F70B /* LaunchScreen.storyboard */,
				DB3183E8200DF8D50085F70B /* Info.plist */,
				DB3183E9200DF8D50085F70B /* main.m */,
			);
			path = ZPZThirdFrameworkPractice;
			sourceTree = "<group>";
		};
		DB3183F2200DF8D60085F70B /* ZPZThirdFrameworkPracticeTests */ = {
			isa = PBXGroup;
			children = (
				DB3183F3200DF8D60085F70B /* ZPZThirdFrameworkPracticeTests.m */,
				DB3183F5200DF8D60085F70B /* Info.plist */,
			);
			path = ZPZThirdFrameworkPracticeTests;
			sourceTree = "<group>";
		};
		DB3183FD200DF8D60085F70B /* ZPZThirdFrameworkPracticeUITests */ = {
			isa = PBXGroup;
			children = (
				DB3183FE200DF8D60085F70B /* ZPZThirdFrameworkPracticeUITests.m */,
				DB318400200DF8D60085F70B /* Info.plist */,
			);
			path = ZPZThirdFrameworkPracticeUITests;
			sourceTree = "<group>";
		};
		DB31840C200DF94A0085F70B /* Base */ = {
			isa = PBXGroup;
			children = (
				DB31840D200DF9590085F70B /* BaseViewController.h */,
				DB31840E200DF9590085F70B /* BaseViewController.m */,
			);
			path = Base;
			sourceTree = "<group>";
		};
/* End PBXGroup section */

/* Begin PBXNativeTarget section */
		DB3183D6200DF8D50085F70B /* ZPZThirdFrameworkPractice */ = {
			isa = PBXNativeTarget;
			buildConfigurationList = DB318403200DF8D60085F70B /* Build configuration list for PBXNativeTarget "ZPZThirdFrameworkPractice" */;
			buildPhases = (
				09A6CEFCF09421B02CCF3E03 /* [CP] Check Pods Manifest.lock */,
				DB3183D3200DF8D50085F70B /* Sources */,
				DB3183D4200DF8D50085F70B /* Frameworks */,
				DB3183D5200DF8D50085F70B /* Resources */,
				A4EC5CC3C7132F8D34ACBE5C /* [CP] Embed Pods Frameworks */,
				57E37A45FAD4E1E0C38F9617 /* [CP] Copy Pods Resources */,
			);
			buildRules = (
			);
			dependencies = (
			);
			name = ZPZThirdFrameworkPractice;
			productName = ZPZThirdFrameworkPractice;
			productReference = DB3183D7200DF8D50085F70B /* ZPZThirdFrameworkPractice.app */;
			productType = "com.apple.product-type.application";
		};
		DB3183EE200DF8D50085F70B /* ZPZThirdFrameworkPracticeTests */ = {
			isa = PBXNativeTarget;
			buildConfigurationList = DB318406200DF8D60085F70B /* Build configuration list for PBXNativeTarget "ZPZThirdFrameworkPracticeTests" */;
			buildPhases = (
				470B62CEDE1B25B4DD51717A /* [CP] Check Pods Manifest.lock */,
				DB3183EB200DF8D50085F70B /* Sources */,
				DB3183EC200DF8D50085F70B /* Frameworks */,
				DB3183ED200DF8D50085F70B /* Resources */,
				0EEC7EFD04D7E4851BF9A760 /* [CP] Embed Pods Frameworks */,
				86692852192584286516B6CD /* [CP] Copy Pods Resources */,
			);
			buildRules = (
			);
			dependencies = (
				DB3183F1200DF8D50085F70B /* PBXTargetDependency */,
			);
			name = ZPZThirdFrameworkPracticeTests;
			productName = ZPZThirdFrameworkPracticeTests;
			productReference = DB3183EF200DF8D50085F70B /* ZPZThirdFrameworkPracticeTests.xctest */;
			productType = "com.apple.product-type.bundle.unit-test";
		};
		DB3183F9200DF8D60085F70B /* ZPZThirdFrameworkPracticeUITests */ = {
			isa = PBXNativeTarget;
			buildConfigurationList = DB318409200DF8D60085F70B /* Build configuration list for PBXNativeTarget "ZPZThirdFrameworkPracticeUITests" */;
			buildPhases = (
				DBD05247E7627043A8706C51 /* [CP] Check Pods Manifest.lock */,
				DB3183F6200DF8D60085F70B /* Sources */,
				DB3183F7200DF8D60085F70B /* Frameworks */,
				DB3183F8200DF8D60085F70B /* Resources */,
				127572CEF08EA6DF29023747 /* [CP] Embed Pods Frameworks */,
				979C51414C32D4BAE0F82C87 /* [CP] Copy Pods Resources */,
			);
			buildRules = (
			);
			dependencies = (
				DB3183FC200DF8D60085F70B /* PBXTargetDependency */,
			);
			name = ZPZThirdFrameworkPracticeUITests;
			productName = ZPZThirdFrameworkPracticeUITests;
			productReference = DB3183FA200DF8D60085F70B /* ZPZThirdFrameworkPracticeUITests.xctest */;
			productType = "com.apple.product-type.bundle.ui-testing";
		};
/* End PBXNativeTarget section */

/* Begin PBXProject section */
		DB3183CF200DF8D50085F70B /* Project object */ = {
			isa = PBXProject;
			attributes = {
				LastUpgradeCheck = 0920;
				ORGANIZATIONNAME = zhoupengzu;
				TargetAttributes = {
					DB3183D6200DF8D50085F70B = {
						CreatedOnToolsVersion = 9.2;
						ProvisioningStyle = Automatic;
					};
					DB3183EE200DF8D50085F70B = {
						CreatedOnToolsVersion = 9.2;
						ProvisioningStyle = Automatic;
						TestTargetID = DB3183D6200DF8D50085F70B;
					};
					DB3183F9200DF8D60085F70B = {
						CreatedOnToolsVersion = 9.2;
						ProvisioningStyle = Automatic;
						TestTargetID = DB3183D6200DF8D50085F70B;
					};
				};
			};
			buildConfigurationList = DB3183D2200DF8D50085F70B /* Build configuration list for PBXProject "ZPZThirdFrameworkPractice" */;
			compatibilityVersion = "Xcode 8.0";
			developmentRegion = en;
			hasScannedForEncodings = 0;
			knownRegions = (
				en,
				Base,
			);
			mainGroup = DB3183CE200DF8D50085F70B;
			productRefGroup = DB3183D8200DF8D50085F70B /* Products */;
			projectDirPath = "";
			projectRoot = "";
			targets = (
				DB3183D6200DF8D50085F70B /* ZPZThirdFrameworkPractice */,
				DB3183EE200DF8D50085F70B /* ZPZThirdFrameworkPracticeTests */,
				DB3183F9200DF8D60085F70B /* ZPZThirdFrameworkPracticeUITests */,
			);
		};
/* End PBXProject section */

/* Begin PBXResourcesBuildPhase section */
		DB3183D5200DF8D50085F70B /* Resources */ = {
			isa = PBXResourcesBuildPhase;
			buildActionMask = 2147483647;
			files = (
				DB3183E7200DF8D50085F70B /* LaunchScreen.storyboard in Resources */,
				DB3183E4200DF8D50085F70B /* Assets.xcassets in Resources */,
			);
			runOnlyForDeploymentPostprocessing = 0;
		};
		DB3183ED200DF8D50085F70B /* Resources */ = {
			isa = PBXResourcesBuildPhase;
			buildActionMask = 2147483647;
			files = (
			);
			runOnlyForDeploymentPostprocessing = 0;
		};
		DB3183F8200DF8D60085F70B /* Resources */ = {
			isa = PBXResourcesBuildPhase;
			buildActionMask = 2147483647;
			files = (
			);
			runOnlyForDeploymentPostprocessing = 0;
		};
/* End PBXResourcesBuildPhase section */

/* Begin PBXShellScriptBuildPhase section */
		09A6CEFCF09421B02CCF3E03 /* [CP] Check Pods Manifest.lock */ = {
			isa = PBXShellScriptBuildPhase;
			buildActionMask = 2147483647;
			files = (
			);
			inputPaths = (
				"${PODS_PODFILE_DIR_PATH}/Podfile.lock",
				"${PODS_ROOT}/Manifest.lock",
			);
			name = "[CP] Check Pods Manifest.lock";
			outputPaths = (
				"$(DERIVED_FILE_DIR)/Pods-ZPZThirdFrameworkPractice-checkManifestLockResult.txt",
			);
			runOnlyForDeploymentPostprocessing = 0;
			shellPath = /bin/sh;
			shellScript = "diff \"${PODS_PODFILE_DIR_PATH}/Podfile.lock\" \"${PODS_ROOT}/Manifest.lock\" > /dev/null\nif [ $? != 0 ] ; then\n    # print error to STDERR\n    echo \"error: The sandbox is not in sync with the Podfile.lock. Run 'pod install' or update your CocoaPods installation.\" >&2\n    exit 1\nfi\n# This output is used by Xcode 'outputs' to avoid re-running this script phase.\necho \"SUCCESS\" > \"${SCRIPT_OUTPUT_FILE_0}\"\n";
			showEnvVarsInLog = 0;
		};
		0EEC7EFD04D7E4851BF9A760 /* [CP] Embed Pods Frameworks */ = {
			isa = PBXShellScriptBuildPhase;
			buildActionMask = 2147483647;
			files = (
			);
			inputPaths = (
			);
			name = "[CP] Embed Pods Frameworks";
			outputPaths = (
			);
			runOnlyForDeploymentPostprocessing = 0;
			shellPath = /bin/sh;
			shellScript = "\"${SRCROOT}/Pods/Target Support Files/Pods-ZPZThirdFrameworkPracticeTests/Pods-ZPZThirdFrameworkPracticeTests-frameworks.sh\"\n";
			showEnvVarsInLog = 0;
		};
		127572CEF08EA6DF29023747 /* [CP] Embed Pods Frameworks */ = {
			isa = PBXShellScriptBuildPhase;
			buildActionMask = 2147483647;
			files = (
			);
			inputPaths = (
			);
			name = "[CP] Embed Pods Frameworks";
			outputPaths = (
			);
			runOnlyForDeploymentPostprocessing = 0;
			shellPath = /bin/sh;
			shellScript = "\"${SRCROOT}/Pods/Target Support Files/Pods-ZPZThirdFrameworkPracticeUITests/Pods-ZPZThirdFrameworkPracticeUITests-frameworks.sh\"\n";
			showEnvVarsInLog = 0;
		};
		470B62CEDE1B25B4DD51717A /* [CP] Check Pods Manifest.lock */ = {
			isa = PBXShellScriptBuildPhase;
			buildActionMask = 2147483647;
			files = (
			);
			inputPaths = (
				"${PODS_PODFILE_DIR_PATH}/Podfile.lock",
				"${PODS_ROOT}/Manifest.lock",
			);
			name = "[CP] Check Pods Manifest.lock";
			outputPaths = (
				"$(DERIVED_FILE_DIR)/Pods-ZPZThirdFrameworkPracticeTests-checkManifestLockResult.txt",
			);
			runOnlyForDeploymentPostprocessing = 0;
			shellPath = /bin/sh;
			shellScript = "diff \"${PODS_PODFILE_DIR_PATH}/Podfile.lock\" \"${PODS_ROOT}/Manifest.lock\" > /dev/null\nif [ $? != 0 ] ; then\n    # print error to STDERR\n    echo \"error: The sandbox is not in sync with the Podfile.lock. Run 'pod install' or update your CocoaPods installation.\" >&2\n    exit 1\nfi\n# This output is used by Xcode 'outputs' to avoid re-running this script phase.\necho \"SUCCESS\" > \"${SCRIPT_OUTPUT_FILE_0}\"\n";
			showEnvVarsInLog = 0;
		};
		57E37A45FAD4E1E0C38F9617 /* [CP] Copy Pods Resources */ = {
			isa = PBXShellScriptBuildPhase;
			buildActionMask = 2147483647;
			files = (
			);
			inputPaths = (
			);
			name = "[CP] Copy Pods Resources";
			outputPaths = (
			);
			runOnlyForDeploymentPostprocessing = 0;
			shellPath = /bin/sh;
			shellScript = "\"${SRCROOT}/Pods/Target Support Files/Pods-ZPZThirdFrameworkPractice/Pods-ZPZThirdFrameworkPractice-resources.sh\"\n";
			showEnvVarsInLog = 0;
		};
		86692852192584286516B6CD /* [CP] Copy Pods Resources */ = {
			isa = PBXShellScriptBuildPhase;
			buildActionMask = 2147483647;
			files = (
			);
			inputPaths = (
			);
			name = "[CP] Copy Pods Resources";
			outputPaths = (
			);
			runOnlyForDeploymentPostprocessing = 0;
			shellPath = /bin/sh;
			shellScript = "\"${SRCROOT}/Pods/Target Support Files/Pods-ZPZThirdFrameworkPracticeTests/Pods-ZPZThirdFrameworkPracticeTests-resources.sh\"\n";
			showEnvVarsInLog = 0;
		};
		979C51414C32D4BAE0F82C87 /* [CP] Copy Pods Resources */ = {
			isa = PBXShellScriptBuildPhase;
			buildActionMask = 2147483647;
			files = (
			);
			inputPaths = (
			);
			name = "[CP] Copy Pods Resources";
			outputPaths = (
			);
			runOnlyForDeploymentPostprocessing = 0;
			shellPath = /bin/sh;
			shellScript = "\"${SRCROOT}/Pods/Target Support Files/Pods-ZPZThirdFrameworkPracticeUITests/Pods-ZPZThirdFrameworkPracticeUITests-resources.sh\"\n";
			showEnvVarsInLog = 0;
		};
		A4EC5CC3C7132F8D34ACBE5C /* [CP] Embed Pods Frameworks */ = {
			isa = PBXShellScriptBuildPhase;
			buildActionMask = 2147483647;
			files = (
			);
			inputPaths = (
			);
			name = "[CP] Embed Pods Frameworks";
			outputPaths = (
			);
			runOnlyForDeploymentPostprocessing = 0;
			shellPath = /bin/sh;
			shellScript = "\"${SRCROOT}/Pods/Target Support Files/Pods-ZPZThirdFrameworkPractice/Pods-ZPZThirdFrameworkPractice-frameworks.sh\"\n";
			showEnvVarsInLog = 0;
		};
		DBD05247E7627043A8706C51 /* [CP] Check Pods Manifest.lock */ = {
			isa = PBXShellScriptBuildPhase;
			buildActionMask = 2147483647;
			files = (
			);
			inputPaths = (
				"${PODS_PODFILE_DIR_PATH}/Podfile.lock",
				"${PODS_ROOT}/Manifest.lock",
			);
			name = "[CP] Check Pods Manifest.lock";
			outputPaths = (
				"$(DERIVED_FILE_DIR)/Pods-ZPZThirdFrameworkPracticeUITests-checkManifestLockResult.txt",
			);
			runOnlyForDeploymentPostprocessing = 0;
			shellPath = /bin/sh;
			shellScript = "diff \"${PODS_PODFILE_DIR_PATH}/Podfile.lock\" \"${PODS_ROOT}/Manifest.lock\" > /dev/null\nif [ $? != 0 ] ; then\n    # print error to STDERR\n    echo \"error: The sandbox is not in sync with the Podfile.lock. Run 'pod install' or update your CocoaPods installation.\" >&2\n    exit 1\nfi\n# This output is used by Xcode 'outputs' to avoid re-running this script phase.\necho \"SUCCESS\" > \"${SCRIPT_OUTPUT_FILE_0}\"\n";
			showEnvVarsInLog = 0;
		};
/* End PBXShellScriptBuildPhase section */

/* Begin PBXSourcesBuildPhase section */
		DB3183D3200DF8D50085F70B /* Sources */ = {
			isa = PBXSourcesBuildPhase;
			buildActionMask = 2147483647;
			files = (
				DB3183DF200DF8D50085F70B /* ViewController.m in Sources */,
				DB31840F200DF9590085F70B /* BaseViewController.m in Sources */,
				DB3183EA200DF8D50085F70B /* main.m in Sources */,
				DB3183DC200DF8D50085F70B /* AppDelegate.m in Sources */,
			);
			runOnlyForDeploymentPostprocessing = 0;
		};
		DB3183EB200DF8D50085F70B /* Sources */ = {
			isa = PBXSourcesBuildPhase;
			buildActionMask = 2147483647;
			files = (
				DB3183F4200DF8D60085F70B /* ZPZThirdFrameworkPracticeTests.m in Sources */,
			);
			runOnlyForDeploymentPostprocessing = 0;
		};
		DB3183F6200DF8D60085F70B /* Sources */ = {
			isa = PBXSourcesBuildPhase;
			buildActionMask = 2147483647;
			files = (
				DB3183FF200DF8D60085F70B /* ZPZThirdFrameworkPracticeUITests.m in Sources */,
			);
			runOnlyForDeploymentPostprocessing = 0;
		};
/* End PBXSourcesBuildPhase section */

/* Begin PBXTargetDependency section */
		DB3183F1200DF8D50085F70B /* PBXTargetDependency */ = {
			isa = PBXTargetDependency;
			target = DB3183D6200DF8D50085F70B /* ZPZThirdFrameworkPractice */;
			targetProxy = DB3183F0200DF8D50085F70B /* PBXContainerItemProxy */;
		};
		DB3183FC200DF8D60085F70B /* PBXTargetDependency */ = {
			isa = PBXTargetDependency;
			target = DB3183D6200DF8D50085F70B /* ZPZThirdFrameworkPractice */;
			targetProxy = DB3183FB200DF8D60085F70B /* PBXContainerItemProxy */;
		};
/* End PBXTargetDependency section */

/* Begin PBXVariantGroup section */
		DB3183E5200DF8D50085F70B /* LaunchScreen.storyboard */ = {
			isa = PBXVariantGroup;
			children = (
				DB3183E6200DF8D50085F70B /* Base */,
			);
			name = LaunchScreen.storyboard;
			sourceTree = "<group>";
		};
/* End PBXVariantGroup section */

/* Begin XCBuildConfiguration section */
		DB318401200DF8D60085F70B /* Debug */ = {
			isa = XCBuildConfiguration;
			buildSettings = {
				ALWAYS_SEARCH_USER_PATHS = NO;
				CLANG_ANALYZER_NONNULL = YES;
				CLANG_ANALYZER_NUMBER_OBJECT_CONVERSION = YES_AGGRESSIVE;
				CLANG_CXX_LANGUAGE_STANDARD = "gnu++14";
				CLANG_CXX_LIBRARY = "libc++";
				CLANG_ENABLE_MODULES = YES;
				CLANG_ENABLE_OBJC_ARC = YES;
				CLANG_WARN_BLOCK_CAPTURE_AUTORELEASING = YES;
				CLANG_WARN_BOOL_CONVERSION = YES;
				CLANG_WARN_COMMA = YES;
				CLANG_WARN_CONSTANT_CONVERSION = YES;
				CLANG_WARN_DIRECT_OBJC_ISA_USAGE = YES_ERROR;
				CLANG_WARN_DOCUMENTATION_COMMENTS = YES;
				CLANG_WARN_EMPTY_BODY = YES;
				CLANG_WARN_ENUM_CONVERSION = YES;
				CLANG_WARN_INFINITE_RECURSION = YES;
				CLANG_WARN_INT_CONVERSION = YES;
				CLANG_WARN_NON_LITERAL_NULL_CONVERSION = YES;
				CLANG_WARN_OBJC_LITERAL_CONVERSION = YES;
				CLANG_WARN_OBJC_ROOT_CLASS = YES_ERROR;
				CLANG_WARN_RANGE_LOOP_ANALYSIS = YES;
				CLANG_WARN_STRICT_PROTOTYPES = YES;
				CLANG_WARN_SUSPICIOUS_MOVE = YES;
				CLANG_WARN_UNGUARDED_AVAILABILITY = YES_AGGRESSIVE;
				CLANG_WARN_UNREACHABLE_CODE = YES;
				CLANG_WARN__DUPLICATE_METHOD_MATCH = YES;
				CODE_SIGN_IDENTITY = "iPhone Developer";
				COPY_PHASE_STRIP = NO;
				DEBUG_INFORMATION_FORMAT = dwarf;
				ENABLE_STRICT_OBJC_MSGSEND = YES;
				ENABLE_TESTABILITY = YES;
				GCC_C_LANGUAGE_STANDARD = gnu11;
				GCC_DYNAMIC_NO_PIC = NO;
				GCC_NO_COMMON_BLOCKS = YES;
				GCC_OPTIMIZATION_LEVEL = 0;
				GCC_PREPROCESSOR_DEFINITIONS = (
					"DEBUG=1",
					"$(inherited)",
				);
				GCC_WARN_64_TO_32_BIT_CONVERSION = YES;
				GCC_WARN_ABOUT_RETURN_TYPE = YES_ERROR;
				GCC_WARN_UNDECLARED_SELECTOR = YES;
				GCC_WARN_UNINITIALIZED_AUTOS = YES_AGGRESSIVE;
				GCC_WARN_UNUSED_FUNCTION = YES;
				GCC_WARN_UNUSED_VARIABLE = YES;
				IPHONEOS_DEPLOYMENT_TARGET = 11.2;
				MTL_ENABLE_DEBUG_INFO = YES;
				ONLY_ACTIVE_ARCH = YES;
				SDKROOT = iphoneos;
			};
			name = Debug;
		};
		DB318402200DF8D60085F70B /* Release */ = {
			isa = XCBuildConfiguration;
			buildSettings = {
				ALWAYS_SEARCH_USER_PATHS = NO;
				CLANG_ANALYZER_NONNULL = YES;
				CLANG_ANALYZER_NUMBER_OBJECT_CONVERSION = YES_AGGRESSIVE;
				CLANG_CXX_LANGUAGE_STANDARD = "gnu++14";
				CLANG_CXX_LIBRARY = "libc++";
				CLANG_ENABLE_MODULES = YES;
				CLANG_ENABLE_OBJC_ARC = YES;
				CLANG_WARN_BLOCK_CAPTURE_AUTORELEASING = YES;
				CLANG_WARN_BOOL_CONVERSION = YES;
				CLANG_WARN_COMMA = YES;
				CLANG_WARN_CONSTANT_CONVERSION = YES;
				CLANG_WARN_DIRECT_OBJC_ISA_USAGE = YES_ERROR;
				CLANG_WARN_DOCUMENTATION_COMMENTS = YES;
				CLANG_WARN_EMPTY_BODY = YES;
				CLANG_WARN_ENUM_CONVERSION = YES;
				CLANG_WARN_INFINITE_RECURSION = YES;
				CLANG_WARN_INT_CONVERSION = YES;
				CLANG_WARN_NON_LITERAL_NULL_CONVERSION = YES;
				CLANG_WARN_OBJC_LITERAL_CONVERSION = YES;
				CLANG_WARN_OBJC_ROOT_CLASS = YES_ERROR;
				CLANG_WARN_RANGE_LOOP_ANALYSIS = YES;
				CLANG_WARN_STRICT_PROTOTYPES = YES;
				CLANG_WARN_SUSPICIOUS_MOVE = YES;
				CLANG_WARN_UNGUARDED_AVAILABILITY = YES_AGGRESSIVE;
				CLANG_WARN_UNREACHABLE_CODE = YES;
				CLANG_WARN__DUPLICATE_METHOD_MATCH = YES;
				CODE_SIGN_IDENTITY = "iPhone Developer";
				COPY_PHASE_STRIP = NO;
				DEBUG_INFORMATION_FORMAT = "dwarf-with-dsym";
				ENABLE_NS_ASSERTIONS = NO;
				ENABLE_STRICT_OBJC_MSGSEND = YES;
				GCC_C_LANGUAGE_STANDARD = gnu11;
				GCC_NO_COMMON_BLOCKS = YES;
				GCC_WARN_64_TO_32_BIT_CONVERSION = YES;
				GCC_WARN_ABOUT_RETURN_TYPE = YES_ERROR;
				GCC_WARN_UNDECLARED_SELECTOR = YES;
				GCC_WARN_UNINITIALIZED_AUTOS = YES_AGGRESSIVE;
				GCC_WARN_UNUSED_FUNCTION = YES;
				GCC_WARN_UNUSED_VARIABLE = YES;
				IPHONEOS_DEPLOYMENT_TARGET = 11.2;
				MTL_ENABLE_DEBUG_INFO = NO;
				SDKROOT = iphoneos;
				VALIDATE_PRODUCT = YES;
			};
			name = Release;
		};
		DB318404200DF8D60085F70B /* Debug */ = {
			isa = XCBuildConfiguration;
			baseConfigurationReference = 551ACA544851085D2617FA5B /* Pods-ZPZThirdFrameworkPractice.debug.xcconfig */;
			buildSettings = {
				ASSETCATALOG_COMPILER_APPICON_NAME = AppIcon;
				CODE_SIGN_STYLE = Automatic;
				DEVELOPMENT_TEAM = "";
				INFOPLIST_FILE = ZPZThirdFrameworkPractice/Info.plist;
				LD_RUNPATH_SEARCH_PATHS = "$(inherited) @executable_path/Frameworks";
				PRODUCT_BUNDLE_IDENTIFIER = pengzuzhou.ZPZThirdFrameworkPractice;
				PRODUCT_NAME = "$(TARGET_NAME)";
				TARGETED_DEVICE_FAMILY = "1,2";
			};
			name = Debug;
		};
		DB318405200DF8D60085F70B /* Release */ = {
			isa = XCBuildConfiguration;
			baseConfigurationReference = BE6939F306DFE6887F7BE728 /* Pods-ZPZThirdFrameworkPractice.release.xcconfig */;
			buildSettings = {
				ASSETCATALOG_COMPILER_APPICON_NAME = AppIcon;
				CODE_SIGN_STYLE = Automatic;
				DEVELOPMENT_TEAM = "";
				INFOPLIST_FILE = ZPZThirdFrameworkPractice/Info.plist;
				LD_RUNPATH_SEARCH_PATHS = "$(inherited) @executable_path/Frameworks";
				PRODUCT_BUNDLE_IDENTIFIER = pengzuzhou.ZPZThirdFrameworkPractice;
				PRODUCT_NAME = "$(TARGET_NAME)";
				TARGETED_DEVICE_FAMILY = "1,2";
			};
			name = Release;
		};
		DB318407200DF8D60085F70B /* Debug */ = {
			isa = XCBuildConfiguration;
			baseConfigurationReference = 8028933910D2AB38F3182EA2 /* Pods-ZPZThirdFrameworkPracticeTests.debug.xcconfig */;
			buildSettings = {
				BUNDLE_LOADER = "$(TEST_HOST)";
				CODE_SIGN_STYLE = Automatic;
				DEVELOPMENT_TEAM = 9XTQKWEYF3;
				INFOPLIST_FILE = ZPZThirdFrameworkPracticeTests/Info.plist;
				LD_RUNPATH_SEARCH_PATHS = "$(inherited) @executable_path/Frameworks @loader_path/Frameworks";
				PRODUCT_BUNDLE_IDENTIFIER = pengzuzhou.ZPZThirdFrameworkPracticeTests;
				PRODUCT_NAME = "$(TARGET_NAME)";
				TARGETED_DEVICE_FAMILY = "1,2";
				TEST_HOST = "$(BUILT_PRODUCTS_DIR)/ZPZThirdFrameworkPractice.app/ZPZThirdFrameworkPractice";
			};
			name = Debug;
		};
		DB318408200DF8D60085F70B /* Release */ = {
			isa = XCBuildConfiguration;
			baseConfigurationReference = 6C3C9C082D042B861F0AD174 /* Pods-ZPZThirdFrameworkPracticeTests.release.xcconfig */;
			buildSettings = {
				BUNDLE_LOADER = "$(TEST_HOST)";
				CODE_SIGN_STYLE = Automatic;
				DEVELOPMENT_TEAM = 9XTQKWEYF3;
				INFOPLIST_FILE = ZPZThirdFrameworkPracticeTests/Info.plist;
				LD_RUNPATH_SEARCH_PATHS = "$(inherited) @executable_path/Frameworks @loader_path/Frameworks";
				PRODUCT_BUNDLE_IDENTIFIER = pengzuzhou.ZPZThirdFrameworkPracticeTests;
				PRODUCT_NAME = "$(TARGET_NAME)";
				TARGETED_DEVICE_FAMILY = "1,2";
				TEST_HOST = "$(BUILT_PRODUCTS_DIR)/ZPZThirdFrameworkPractice.app/ZPZThirdFrameworkPractice";
			};
			name = Release;
		};
		DB31840A200DF8D60085F70B /* Debug */ = {
			isa = XCBuildConfiguration;
			baseConfigurationReference = A3FC444DE680141998E1F018 /* Pods-ZPZThirdFrameworkPracticeUITests.debug.xcconfig */;
			buildSettings = {
				CODE_SIGN_STYLE = Automatic;
				DEVELOPMENT_TEAM = 9XTQKWEYF3;
				INFOPLIST_FILE = ZPZThirdFrameworkPracticeUITests/Info.plist;
				LD_RUNPATH_SEARCH_PATHS = "$(inherited) @executable_path/Frameworks @loader_path/Frameworks";
				PRODUCT_BUNDLE_IDENTIFIER = pengzuzhou.ZPZThirdFrameworkPracticeUITests;
				PRODUCT_NAME = "$(TARGET_NAME)";
				TARGETED_DEVICE_FAMILY = "1,2";
				TEST_TARGET_NAME = ZPZThirdFrameworkPractice;
			};
			name = Debug;
		};
		DB31840B200DF8D60085F70B /* Release */ = {
			isa = XCBuildConfiguration;
			baseConfigurationReference = D693BFC8F97470C9A4EDACE8 /* Pods-ZPZThirdFrameworkPracticeUITests.release.xcconfig */;
			buildSettings = {
				CODE_SIGN_STYLE = Automatic;
				DEVELOPMENT_TEAM = 9XTQKWEYF3;
				INFOPLIST_FILE = ZPZThirdFrameworkPracticeUITests/Info.plist;
				LD_RUNPATH_SEARCH_PATHS = "$(inherited) @executable_path/Frameworks @loader_path/Frameworks";
				PRODUCT_BUNDLE_IDENTIFIER = pengzuzhou.ZPZThirdFrameworkPracticeUITests;
				PRODUCT_NAME = "$(TARGET_NAME)";
				TARGETED_DEVICE_FAMILY = "1,2";
				TEST_TARGET_NAME = ZPZThirdFrameworkPractice;
			};
			name = Release;
		};
/* End XCBuildConfiguration section */

/* Begin XCConfigurationList section */
		DB3183D2200DF8D50085F70B /* Build configuration list for PBXProject "ZPZThirdFrameworkPractice" */ = {
			isa = XCConfigurationList;
			buildConfigurations = (
				DB318401200DF8D60085F70B /* Debug */,
				DB318402200DF8D60085F70B /* Release */,
			);
			defaultConfigurationIsVisible = 0;
			defaultConfigurationName = Release;
		};
		DB318403200DF8D60085F70B /* Build configuration list for PBXNativeTarget "ZPZThirdFrameworkPractice" */ = {
			isa = XCConfigurationList;
			buildConfigurations = (
				DB318404200DF8D60085F70B /* Debug */,
				DB318405200DF8D60085F70B /* Release */,
			);
			defaultConfigurationIsVisible = 0;
			defaultConfigurationName = Release;
		};
		DB318406200DF8D60085F70B /* Build configuration list for PBXNativeTarget "ZPZThirdFrameworkPracticeTests" */ = {
			isa = XCConfigurationList;
			buildConfigurations = (
				DB318407200DF8D60085F70B /* Debug */,
				DB318408200DF8D60085F70B /* Release */,
			);
			defaultConfigurationIsVisible = 0;
			defaultConfigurationName = Release;
		};
		DB318409200DF8D60085F70B /* Build configuration list for PBXNativeTarget "ZPZThirdFrameworkPracticeUITests" */ = {
			isa = XCConfigurationList;
			buildConfigurations = (
				DB31840A200DF8D60085F70B /* Debug */,
				DB31840B200DF8D60085F70B /* Release */,
			);
			defaultConfigurationIsVisible = 0;
			defaultConfigurationName = Release;
		};
/* End XCConfigurationList section */
	};
	rootObject = DB3183CF200DF8D50085F70B /* Project object */;
}
