// !$*UTF8*$!
{
	archiveVersion = 1;
	classes = {
	};
	objectVersion = 48;
	objects = {

/* Begin PBXBuildFile section */
		DB708C701FC55735009D850B /* AppDelegate.m in Sources */ = {isa = PBXBuildFile; fileRef = DB708C6F1FC55735009D850B /* AppDelegate.m */; };
		DB708C731FC55735009D850B /* ViewController.m in Sources */ = {isa = PBXBuildFile; fileRef = DB708C721FC55735009D850B /* ViewController.m */; };
		DB708C761FC55735009D850B /* Main.storyboard in Resources */ = {isa = PBXBuildFile; fileRef = DB708C741FC55735009D850B /* Main.storyboard */; };
		DB708C781FC55735009D850B /* Assets.xcassets in Resources */ = {isa = PBXBuildFile; fileRef = DB708C771FC55735009D850B /* Assets.xcassets */; };
		DB708C7B1FC55735009D850B /* LaunchScreen.storyboard in Resources */ = {isa = PBXBuildFile; fileRef = DB708C791FC55735009D850B /* LaunchScreen.storyboard */; };
		DB708C7E1FC55735009D850B /* main.m in Sources */ = {isa = PBXBuildFile; fileRef = DB708C7D1FC55735009D850B /* main.m */; };
		DB708C881FC55735009D850B /* ZPZIsaPracticeTests.m in Sources */ = {isa = PBXBuildFile; fileRef = DB708C871FC55735009D850B /* ZPZIsaPracticeTests.m */; };
		DB708C931FC55735009D850B /* ZPZIsaPracticeUITests.m in Sources */ = {isa = PBXBuildFile; fileRef = DB708C921FC55735009D850B /* ZPZIsaPracticeUITests.m */; };
		DB708CA21FC557CD009D850B /* ZPZPersonModel.m in Sources */ = {isa = PBXBuildFile; fileRef = DB708CA11FC557CD009D850B /* ZPZPersonModel.m */; };
		DB708CA51FC557F2009D850B /* ZPZChildModel.m in Sources */ = {isa = PBXBuildFile; fileRef = DB708CA41FC557F2009D850B /* ZPZChildModel.m */; };
		DB708CA81FC55810009D850B /* ZPZStudentModel.m in Sources */ = {isa = PBXBuildFile; fileRef = DB708CA71FC55810009D850B /* ZPZStudentModel.m */; };
		DB708CAA1FC55B0E009D850B /* 结论 in Resources */ = {isa = PBXBuildFile; fileRef = DB708CA91FC55B0E009D850B /* 结论 */; };
/* End PBXBuildFile section */

/* Begin PBXContainerItemProxy section */
		DB708C841FC55735009D850B /* PBXContainerItemProxy */ = {
			isa = PBXContainerItemProxy;
			containerPortal = DB708C631FC55735009D850B /* Project object */;
			proxyType = 1;
			remoteGlobalIDString = DB708C6A1FC55735009D850B;
			remoteInfo = ZPZIsaPractice;
		};
		DB708C8F1FC55735009D850B /* PBXContainerItemProxy */ = {
			isa = PBXContainerItemProxy;
			containerPortal = DB708C631FC55735009D850B /* Project object */;
			proxyType = 1;
			remoteGlobalIDString = DB708C6A1FC55735009D850B;
			remoteInfo = ZPZIsaPractice;
		};
/* End PBXContainerItemProxy section */

/* Begin PBXFileReference section */
		DB708C6B1FC55735009D850B /* ZPZIsaPractice.app */ = {isa = PBXFileReference; explicitFileType = wrapper.application; includeInIndex = 0; path = ZPZIsaPractice.app; sourceTree = BUILT_PRODUCTS_DIR; };
		DB708C6E1FC55735009D850B /* AppDelegate.h */ = {isa = PBXFileReference; lastKnownFileType = sourcecode.c.h; path = AppDelegate.h; sourceTree = "<group>"; };
		DB708C6F1FC55735009D850B /* AppDelegate.m */ = {isa = PBXFileReference; lastKnownFileType = sourcecode.c.objc; path = AppDelegate.m; sourceTree = "<group>"; };
		DB708C711FC55735009D850B /* ViewController.h */ = {isa = PBXFileReference; lastKnownFileType = sourcecode.c.h; path = ViewController.h; sourceTree = "<group>"; };
		DB708C721FC55735009D850B /* ViewController.m */ = {isa = PBXFileReference; lastKnownFileType = sourcecode.c.objc; path = ViewController.m; sourceTree = "<group>"; };
		DB708C751FC55735009D850B /* Base */ = {isa = PBXFileReference; lastKnownFileType = file.storyboard; name = Base; path = Base.lproj/Main.storyboard; sourceTree = "<group>"; };
		DB708C771FC55735009D850B /* Assets.xcassets */ = {isa = PBXFileReference; lastKnownFileType = folder.assetcatalog; path = Assets.xcassets; sourceTree = "<group>"; };
		DB708C7A1FC55735009D850B /* Base */ = {isa = PBXFileReference; lastKnownFileType = file.storyboard; name = Base; path = Base.lproj/LaunchScreen.storyboard; sourceTree = "<group>"; };
		DB708C7C1FC55735009D850B /* Info.plist */ = {isa = PBXFileReference; lastKnownFileType = text.plist.xml; path = Info.plist; sourceTree = "<group>"; };
		DB708C7D1FC55735009D850B /* main.m */ = {isa = PBXFileReference; lastKnownFileType = sourcecode.c.objc; path = main.m; sourceTree = "<group>"; };
		DB708C831FC55735009D850B /* ZPZIsaPracticeTests.xctest */ = {isa = PBXFileReference; explicitFileType = wrapper.cfbundle; includeInIndex = 0; path = ZPZIsaPracticeTests.xctest; sourceTree = BUILT_PRODUCTS_DIR; };
		DB708C871FC55735009D850B /* ZPZIsaPracticeTests.m */ = {isa = PBXFileReference; lastKnownFileType = sourcecode.c.objc; path = ZPZIsaPracticeTests.m; sourceTree = "<group>"; };
		DB708C891FC55735009D850B /* Info.plist */ = {isa = PBXFileReference; lastKnownFileType = text.plist.xml; path = Info.plist; sourceTree = "<group>"; };
		DB708C8E1FC55735009D850B /* ZPZIsaPracticeUITests.xctest */ = {isa = PBXFileReference; explicitFileType = wrapper.cfbundle; includeInIndex = 0; path = ZPZIsaPracticeUITests.xctest; sourceTree = BUILT_PRODUCTS_DIR; };
		DB708C921FC55735009D850B /* ZPZIsaPracticeUITests.m */ = {isa = PBXFileReference; lastKnownFileType = sourcecode.c.objc; path = ZPZIsaPracticeUITests.m; sourceTree = "<group>"; };
		DB708C941FC55735009D850B /* Info.plist */ = {isa = PBXFileReference; lastKnownFileType = text.plist.xml; path = Info.plist; sourceTree = "<group>"; };
		DB708CA01FC557CD009D850B /* ZPZPersonModel.h */ = {isa = PBXFileReference; lastKnownFileType = sourcecode.c.h; path = ZPZPersonModel.h; sourceTree = "<group>"; };
		DB708CA11FC557CD009D850B /* ZPZPersonModel.m */ = {isa = PBXFileReference; lastKnownFileType = sourcecode.c.objc; path = ZPZPersonModel.m; sourceTree = "<group>"; };
		DB708CA31FC557F2009D850B /* ZPZChildModel.h */ = {isa = PBXFileReference; lastKnownFileType = sourcecode.c.h; path = ZPZChildModel.h; sourceTree = "<group>"; };
		DB708CA41FC557F2009D850B /* ZPZChildModel.m */ = {isa = PBXFileReference; lastKnownFileType = sourcecode.c.objc; path = ZPZChildModel.m; sourceTree = "<group>"; };
		DB708CA61FC55810009D850B /* ZPZStudentModel.h */ = {isa = PBXFileReference; lastKnownFileType = sourcecode.c.h; path = ZPZStudentModel.h; sourceTree = "<group>"; };
		DB708CA71FC55810009D850B /* ZPZStudentModel.m */ = {isa = PBXFileReference; lastKnownFileType = sourcecode.c.objc; path = ZPZStudentModel.m; sourceTree = "<group>"; };
		DB708CA91FC55B0E009D850B /* 结论 */ = {isa = PBXFileReference; lastKnownFileType = text; path = "结论"; sourceTree = "<group>"; };
/* End PBXFileReference section */

/* Begin PBXFrameworksBuildPhase section */
		DB708C681FC55735009D850B /* Frameworks */ = {
			isa = PBXFrameworksBuildPhase;
			buildActionMask = 2147483647;
			files = (
			);
			runOnlyForDeploymentPostprocessing = 0;
		};
		DB708C801FC55735009D850B /* Frameworks */ = {
			isa = PBXFrameworksBuildPhase;
			buildActionMask = 2147483647;
			files = (
			);
			runOnlyForDeploymentPostprocessing = 0;
		};
		DB708C8B1FC55735009D850B /* Frameworks */ = {
			isa = PBXFrameworksBuildPhase;
			buildActionMask = 2147483647;
			files = (
			);
			runOnlyForDeploymentPostprocessing = 0;
		};
/* End PBXFrameworksBuildPhase section */

/* Begin PBXGroup section */
		DB708C621FC55735009D850B = {
			isa = PBXGroup;
			children = (
				DB708CA91FC55B0E009D850B /* 结论 */,
				DB708C6D1FC55735009D850B /* ZPZIsaPractice */,
				DB708C861FC55735009D850B /* ZPZIsaPracticeTests */,
				DB708C911FC55735009D850B /* ZPZIsaPracticeUITests */,
				DB708C6C1FC55735009D850B /* Products */,
			);
			sourceTree = "<group>";
		};
		DB708C6C1FC55735009D850B /* Products */ = {
			isa = PBXGroup;
			children = (
				DB708C6B1FC55735009D850B /* ZPZIsaPractice.app */,
				DB708C831FC55735009D850B /* ZPZIsaPracticeTests.xctest */,
				DB708C8E1FC55735009D850B /* ZPZIsaPracticeUITests.xctest */,
			);
			name = Products;
			sourceTree = "<group>";
		};
		DB708C6D1FC55735009D850B /* ZPZIsaPractice */ = {
			isa = PBXGroup;
			children = (
				DB708C6E1FC55735009D850B /* AppDelegate.h */,
				DB708C6F1FC55735009D850B /* AppDelegate.m */,
				DB708C711FC55735009D850B /* ViewController.h */,
				DB708C721FC55735009D850B /* ViewController.m */,
				DB708CA01FC557CD009D850B /* ZPZPersonModel.h */,
				DB708CA11FC557CD009D850B /* ZPZPersonModel.m */,
				DB708CA31FC557F2009D850B /* ZPZChildModel.h */,
				DB708CA41FC557F2009D850B /* ZPZChildModel.m */,
				DB708CA61FC55810009D850B /* ZPZStudentModel.h */,
				DB708CA71FC55810009D850B /* ZPZStudentModel.m */,
				DB708C741FC55735009D850B /* Main.storyboard */,
				DB708C771FC55735009D850B /* Assets.xcassets */,
				DB708C791FC55735009D850B /* LaunchScreen.storyboard */,
				DB708C7C1FC55735009D850B /* Info.plist */,
				DB708C7D1FC55735009D850B /* main.m */,
			);
			path = ZPZIsaPractice;
			sourceTree = "<group>";
		};
		DB708C861FC55735009D850B /* ZPZIsaPracticeTests */ = {
			isa = PBXGroup;
			children = (
				DB708C871FC55735009D850B /* ZPZIsaPracticeTests.m */,
				DB708C891FC55735009D850B /* Info.plist */,
			);
			path = ZPZIsaPracticeTests;
			sourceTree = "<group>";
		};
		DB708C911FC55735009D850B /* ZPZIsaPracticeUITests */ = {
			isa = PBXGroup;
			children = (
				DB708C921FC55735009D850B /* ZPZIsaPracticeUITests.m */,
				DB708C941FC55735009D850B /* Info.plist */,
			);
			path = ZPZIsaPracticeUITests;
			sourceTree = "<group>";
		};
/* End PBXGroup section */

/* Begin PBXNativeTarget section */
		DB708C6A1FC55735009D850B /* ZPZIsaPractice */ = {
			isa = PBXNativeTarget;
			buildConfigurationList = DB708C971FC55735009D850B /* Build configuration list for PBXNativeTarget "ZPZIsaPractice" */;
			buildPhases = (
				DB708C671FC55735009D850B /* Sources */,
				DB708C681FC55735009D850B /* Frameworks */,
				DB708C691FC55735009D850B /* Resources */,
			);
			buildRules = (
			);
			dependencies = (
			);
			name = ZPZIsaPractice;
			productName = ZPZIsaPractice;
			productReference = DB708C6B1FC55735009D850B /* ZPZIsaPractice.app */;
			productType = "com.apple.product-type.application";
		};
		DB708C821FC55735009D850B /* ZPZIsaPracticeTests */ = {
			isa = PBXNativeTarget;
			buildConfigurationList = DB708C9A1FC55735009D850B /* Build configuration list for PBXNativeTarget "ZPZIsaPracticeTests" */;
			buildPhases = (
				DB708C7F1FC55735009D850B /* Sources */,
				DB708C801FC55735009D850B /* Frameworks */,
				DB708C811FC55735009D850B /* Resources */,
			);
			buildRules = (
			);
			dependencies = (
				DB708C851FC55735009D850B /* PBXTargetDependency */,
			);
			name = ZPZIsaPracticeTests;
			productName = ZPZIsaPracticeTests;
			productReference = DB708C831FC55735009D850B /* ZPZIsaPracticeTests.xctest */;
			productType = "com.apple.product-type.bundle.unit-test";
		};
		DB708C8D1FC55735009D850B /* ZPZIsaPracticeUITests */ = {
			isa = PBXNativeTarget;
			buildConfigurationList = DB708C9D1FC55735009D850B /* Build configuration list for PBXNativeTarget "ZPZIsaPracticeUITests" */;
			buildPhases = (
				DB708C8A1FC55735009D850B /* Sources */,
				DB708C8B1FC55735009D850B /* Frameworks */,
				DB708C8C1FC55735009D850B /* Resources */,
			);
			buildRules = (
			);
			dependencies = (
				DB708C901FC55735009D850B /* PBXTargetDependency */,
			);
			name = ZPZIsaPracticeUITests;
			productName = ZPZIsaPracticeUITests;
			productReference = DB708C8E1FC55735009D850B /* ZPZIsaPracticeUITests.xctest */;
			productType = "com.apple.product-type.bundle.ui-testing";
		};
/* End PBXNativeTarget section */

/* Begin PBXProject section */
		DB708C631FC55735009D850B /* Project object */ = {
			isa = PBXProject;
			attributes = {
				LastUpgradeCheck = 0910;
				ORGANIZATIONNAME = zhoupengzu;
				TargetAttributes = {
					DB708C6A1FC55735009D850B = {
						CreatedOnToolsVersion = 9.1;
						ProvisioningStyle = Automatic;
					};
					DB708C821FC55735009D850B = {
						CreatedOnToolsVersion = 9.1;
						ProvisioningStyle = Automatic;
						TestTargetID = DB708C6A1FC55735009D850B;
					};
					DB708C8D1FC55735009D850B = {
						CreatedOnToolsVersion = 9.1;
						ProvisioningStyle = Automatic;
						TestTargetID = DB708C6A1FC55735009D850B;
					};
				};
			};
			buildConfigurationList = DB708C661FC55735009D850B /* Build configuration list for PBXProject "ZPZIsaPractice" */;
			compatibilityVersion = "Xcode 8.0";
			developmentRegion = en;
			hasScannedForEncodings = 0;
			knownRegions = (
				en,
				Base,
			);
			mainGroup = DB708C621FC55735009D850B;
			productRefGroup = DB708C6C1FC55735009D850B /* Products */;
			projectDirPath = "";
			projectRoot = "";
			targets = (
				DB708C6A1FC55735009D850B /* ZPZIsaPractice */,
				DB708C821FC55735009D850B /* ZPZIsaPracticeTests */,
				DB708C8D1FC55735009D850B /* ZPZIsaPracticeUITests */,
			);
		};
/* End PBXProject section */

/* Begin PBXResourcesBuildPhase section */
		DB708C691FC55735009D850B /* Resources */ = {
			isa = PBXResourcesBuildPhase;
			buildActionMask = 2147483647;
			files = (
				DB708C7B1FC55735009D850B /* LaunchScreen.storyboard in Resources */,
				DB708C781FC55735009D850B /* Assets.xcassets in Resources */,
				DB708C761FC55735009D850B /* Main.storyboard in Resources */,
				DB708CAA1FC55B0E009D850B /* 结论 in Resources */,
			);
			runOnlyForDeploymentPostprocessing = 0;
		};
		DB708C811FC55735009D850B /* Resources */ = {
			isa = PBXResourcesBuildPhase;
			buildActionMask = 2147483647;
			files = (
			);
			runOnlyForDeploymentPostprocessing = 0;
		};
		DB708C8C1FC55735009D850B /* Resources */ = {
			isa = PBXResourcesBuildPhase;
			buildActionMask = 2147483647;
			files = (
			);
			runOnlyForDeploymentPostprocessing = 0;
		};
/* End PBXResourcesBuildPhase section */

/* Begin PBXSourcesBuildPhase section */
		DB708C671FC55735009D850B /* Sources */ = {
			isa = PBXSourcesBuildPhase;
			buildActionMask = 2147483647;
			files = (
				DB708C731FC55735009D850B /* ViewController.m in Sources */,
				DB708C7E1FC55735009D850B /* main.m in Sources */,
				DB708CA51FC557F2009D850B /* ZPZChildModel.m in Sources */,
				DB708C701FC55735009D850B /* AppDelegate.m in Sources */,
				DB708CA81FC55810009D850B /* ZPZStudentModel.m in Sources */,
				DB708CA21FC557CD009D850B /* ZPZPersonModel.m in Sources */,
			);
			runOnlyForDeploymentPostprocessing = 0;
		};
		DB708C7F1FC55735009D850B /* Sources */ = {
			isa = PBXSourcesBuildPhase;
			buildActionMask = 2147483647;
			files = (
				DB708C881FC55735009D850B /* ZPZIsaPracticeTests.m in Sources */,
			);
			runOnlyForDeploymentPostprocessing = 0;
		};
		DB708C8A1FC55735009D850B /* Sources */ = {
			isa = PBXSourcesBuildPhase;
			buildActionMask = 2147483647;
			files = (
				DB708C931FC55735009D850B /* ZPZIsaPracticeUITests.m in Sources */,
			);
			runOnlyForDeploymentPostprocessing = 0;
		};
/* End PBXSourcesBuildPhase section */

/* Begin PBXTargetDependency section */
		DB708C851FC55735009D850B /* PBXTargetDependency */ = {
			isa = PBXTargetDependency;
			target = DB708C6A1FC55735009D850B /* ZPZIsaPractice */;
			targetProxy = DB708C841FC55735009D850B /* PBXContainerItemProxy */;
		};
		DB708C901FC55735009D850B /* PBXTargetDependency */ = {
			isa = PBXTargetDependency;
			target = DB708C6A1FC55735009D850B /* ZPZIsaPractice */;
			targetProxy = DB708C8F1FC55735009D850B /* PBXContainerItemProxy */;
		};
/* End PBXTargetDependency section */

/* Begin PBXVariantGroup section */
		DB708C741FC55735009D850B /* Main.storyboard */ = {
			isa = PBXVariantGroup;
			children = (
				DB708C751FC55735009D850B /* Base */,
			);
			name = Main.storyboard;
			sourceTree = "<group>";
		};
		DB708C791FC55735009D850B /* LaunchScreen.storyboard */ = {
			isa = PBXVariantGroup;
			children = (
				DB708C7A1FC55735009D850B /* Base */,
			);
			name = LaunchScreen.storyboard;
			sourceTree = "<group>";
		};
/* End PBXVariantGroup section */

/* Begin XCBuildConfiguration section */
		DB708C951FC55735009D850B /* Debug */ = {
			isa = XCBuildConfiguration;
			buildSettings = {
				ALWAYS_SEARCH_USER_PATHS = NO;
				CLANG_ANALYZER_NONNULL = YES;
				CLANG_ANALYZER_NUMBER_OBJECT_CONVERSION = YES_AGGRESSIVE;
				CLANG_CXX_LANGUAGE_STANDARD = "gnu++14";
				CLANG_CXX_LIBRARY = "libc++";
				CLANG_ENABLE_MODULES = YES;
				CLANG_ENABLE_OBJC_ARC = YES;
				CLANG_WARN_BLOCK_CAPTURE_AUTORELEASING = YES;
				CLANG_WARN_BOOL_CONVERSION = YES;
				CLANG_WARN_COMMA = YES;
				CLANG_WARN_CONSTANT_CONVERSION = YES;
				CLANG_WARN_DIRECT_OBJC_ISA_USAGE = YES_ERROR;
				CLANG_WARN_DOCUMENTATION_COMMENTS = YES;
				CLANG_WARN_EMPTY_BODY = YES;
				CLANG_WARN_ENUM_CONVERSION = YES;
				CLANG_WARN_INFINITE_RECURSION = YES;
				CLANG_WARN_INT_CONVERSION = YES;
				CLANG_WARN_NON_LITERAL_NULL_CONVERSION = YES;
				CLANG_WARN_OBJC_LITERAL_CONVERSION = YES;
				CLANG_WARN_OBJC_ROOT_CLASS = YES_ERROR;
				CLANG_WARN_RANGE_LOOP_ANALYSIS = YES;
				CLANG_WARN_STRICT_PROTOTYPES = YES;
				CLANG_WARN_SUSPICIOUS_MOVE = YES;
				CLANG_WARN_UNGUARDED_AVAILABILITY = YES_AGGRESSIVE;
				CLANG_WARN_UNREACHABLE_CODE = YES;
				CLANG_WARN__DUPLICATE_METHOD_MATCH = YES;
				CODE_SIGN_IDENTITY = "iPhone Developer";
				COPY_PHASE_STRIP = NO;
				DEBUG_INFORMATION_FORMAT = dwarf;
				ENABLE_STRICT_OBJC_MSGSEND = YES;
				ENABLE_TESTABILITY = YES;
				GCC_C_LANGUAGE_STANDARD = gnu11;
				GCC_DYNAMIC_NO_PIC = NO;
				GCC_NO_COMMON_BLOCKS = YES;
				GCC_OPTIMIZATION_LEVEL = 0;
				GCC_PREPROCESSOR_DEFINITIONS = (
					"DEBUG=1",
					"$(inherited)",
				);
				GCC_WARN_64_TO_32_BIT_CONVERSION = YES;
				GCC_WARN_ABOUT_RETURN_TYPE = YES_ERROR;
				GCC_WARN_UNDECLARED_SELECTOR = YES;
				GCC_WARN_UNINITIALIZED_AUTOS = YES_AGGRESSIVE;
				GCC_WARN_UNUSED_FUNCTION = YES;
				GCC_WARN_UNUSED_VARIABLE = YES;
				IPHONEOS_DEPLOYMENT_TARGET = 11.1;
				MTL_ENABLE_DEBUG_INFO = YES;
				ONLY_ACTIVE_ARCH = YES;
				SDKROOT = iphoneos;
			};
			name = Debug;
		};
		DB708C961FC55735009D850B /* Release */ = {
			isa = XCBuildConfiguration;
			buildSettings = {
				ALWAYS_SEARCH_USER_PATHS = NO;
				CLANG_ANALYZER_NONNULL = YES;
				CLANG_ANALYZER_NUMBER_OBJECT_CONVERSION = YES_AGGRESSIVE;
				CLANG_CXX_LANGUAGE_STANDARD = "gnu++14";
				CLANG_CXX_LIBRARY = "libc++";
				CLANG_ENABLE_MODULES = YES;
				CLANG_ENABLE_OBJC_ARC = YES;
				CLANG_WARN_BLOCK_CAPTURE_AUTORELEASING = YES;
				CLANG_WARN_BOOL_CONVERSION = YES;
				CLANG_WARN_COMMA = YES;
				CLANG_WARN_CONSTANT_CONVERSION = YES;
				CLANG_WARN_DIRECT_OBJC_ISA_USAGE = YES_ERROR;
				CLANG_WARN_DOCUMENTATION_COMMENTS = YES;
				CLANG_WARN_EMPTY_BODY = YES;
				CLANG_WARN_ENUM_CONVERSION = YES;
				CLANG_WARN_INFINITE_RECURSION = YES;
				CLANG_WARN_INT_CONVERSION = YES;
				CLANG_WARN_NON_LITERAL_NULL_CONVERSION = YES;
				CLANG_WARN_OBJC_LITERAL_CONVERSION = YES;
				CLANG_WARN_OBJC_ROOT_CLASS = YES_ERROR;
				CLANG_WARN_RANGE_LOOP_ANALYSIS = YES;
				CLANG_WARN_STRICT_PROTOTYPES = YES;
				CLANG_WARN_SUSPICIOUS_MOVE = YES;
				CLANG_WARN_UNGUARDED_AVAILABILITY = YES_AGGRESSIVE;
				CLANG_WARN_UNREACHABLE_CODE = YES;
				CLANG_WARN__DUPLICATE_METHOD_MATCH = YES;
				CODE_SIGN_IDENTITY = "iPhone Developer";
				COPY_PHASE_STRIP = NO;
				DEBUG_INFORMATION_FORMAT = "dwarf-with-dsym";
				ENABLE_NS_ASSERTIONS = NO;
				ENABLE_STRICT_OBJC_MSGSEND = YES;
				GCC_C_LANGUAGE_STANDARD = gnu11;
				GCC_NO_COMMON_BLOCKS = YES;
				GCC_WARN_64_TO_32_BIT_CONVERSION = YES;
				GCC_WARN_ABOUT_RETURN_TYPE = YES_ERROR;
				GCC_WARN_UNDECLARED_SELECTOR = YES;
				GCC_WARN_UNINITIALIZED_AUTOS = YES_AGGRESSIVE;
				GCC_WARN_UNUSED_FUNCTION = YES;
				GCC_WARN_UNUSED_VARIABLE = YES;
				IPHONEOS_DEPLOYMENT_TARGET = 11.1;
				MTL_ENABLE_DEBUG_INFO = NO;
				SDKROOT = iphoneos;
				VALIDATE_PRODUCT = YES;
			};
			name = Release;
		};
		DB708C981FC55735009D850B /* Debug */ = {
			isa = XCBuildConfiguration;
			buildSettings = {
				ASSETCATALOG_COMPILER_APPICON_NAME = AppIcon;
				CODE_SIGN_STYLE = Automatic;
				DEVELOPMENT_TEAM = 9XTQKWEYF3;
				INFOPLIST_FILE = ZPZIsaPractice/Info.plist;
				LD_RUNPATH_SEARCH_PATHS = "$(inherited) @executable_path/Frameworks";
				PRODUCT_BUNDLE_IDENTIFIER = pengzuzhou.ZPZIsaPractice;
				PRODUCT_NAME = "$(TARGET_NAME)";
				TARGETED_DEVICE_FAMILY = "1,2";
			};
			name = Debug;
		};
		DB708C991FC55735009D850B /* Release */ = {
			isa = XCBuildConfiguration;
			buildSettings = {
				ASSETCATALOG_COMPILER_APPICON_NAME = AppIcon;
				CODE_SIGN_STYLE = Automatic;
				DEVELOPMENT_TEAM = 9XTQKWEYF3;
				INFOPLIST_FILE = ZPZIsaPractice/Info.plist;
				LD_RUNPATH_SEARCH_PATHS = "$(inherited) @executable_path/Frameworks";
				PRODUCT_BUNDLE_IDENTIFIER = pengzuzhou.ZPZIsaPractice;
				PRODUCT_NAME = "$(TARGET_NAME)";
				TARGETED_DEVICE_FAMILY = "1,2";
			};
			name = Release;
		};
		DB708C9B1FC55735009D850B /* Debug */ = {
			isa = XCBuildConfiguration;
			buildSettings = {
				BUNDLE_LOADER = "$(TEST_HOST)";
				CODE_SIGN_STYLE = Automatic;
				DEVELOPMENT_TEAM = 9XTQKWEYF3;
				INFOPLIST_FILE = ZPZIsaPracticeTests/Info.plist;
				LD_RUNPATH_SEARCH_PATHS = "$(inherited) @executable_path/Frameworks @loader_path/Frameworks";
				PRODUCT_BUNDLE_IDENTIFIER = pengzuzhou.ZPZIsaPracticeTests;
				PRODUCT_NAME = "$(TARGET_NAME)";
				TARGETED_DEVICE_FAMILY = "1,2";
				TEST_HOST = "$(BUILT_PRODUCTS_DIR)/ZPZIsaPractice.app/ZPZIsaPractice";
			};
			name = Debug;
		};
		DB708C9C1FC55735009D850B /* Release */ = {
			isa = XCBuildConfiguration;
			buildSettings = {
				BUNDLE_LOADER = "$(TEST_HOST)";
				CODE_SIGN_STYLE = Automatic;
				DEVELOPMENT_TEAM = 9XTQKWEYF3;
				INFOPLIST_FILE = ZPZIsaPracticeTests/Info.plist;
				LD_RUNPATH_SEARCH_PATHS = "$(inherited) @executable_path/Frameworks @loader_path/Frameworks";
				PRODUCT_BUNDLE_IDENTIFIER = pengzuzhou.ZPZIsaPracticeTests;
				PRODUCT_NAME = "$(TARGET_NAME)";
				TARGETED_DEVICE_FAMILY = "1,2";
				TEST_HOST = "$(BUILT_PRODUCTS_DIR)/ZPZIsaPractice.app/ZPZIsaPractice";
			};
			name = Release;
		};
		DB708C9E1FC55735009D850B /* Debug */ = {
			isa = XCBuildConfiguration;
			buildSettings = {
				CODE_SIGN_STYLE = Automatic;
				DEVELOPMENT_TEAM = 9XTQKWEYF3;
				INFOPLIST_FILE = ZPZIsaPracticeUITests/Info.plist;
				LD_RUNPATH_SEARCH_PATHS = "$(inherited) @executable_path/Frameworks @loader_path/Frameworks";
				PRODUCT_BUNDLE_IDENTIFIER = pengzuzhou.ZPZIsaPracticeUITests;
				PRODUCT_NAME = "$(TARGET_NAME)";
				TARGETED_DEVICE_FAMILY = "1,2";
				TEST_TARGET_NAME = ZPZIsaPractice;
			};
			name = Debug;
		};
		DB708C9F1FC55735009D850B /* Release */ = {
			isa = XCBuildConfiguration;
			buildSettings = {
				CODE_SIGN_STYLE = Automatic;
				DEVELOPMENT_TEAM = 9XTQKWEYF3;
				INFOPLIST_FILE = ZPZIsaPracticeUITests/Info.plist;
				LD_RUNPATH_SEARCH_PATHS = "$(inherited) @executable_path/Frameworks @loader_path/Frameworks";
				PRODUCT_BUNDLE_IDENTIFIER = pengzuzhou.ZPZIsaPracticeUITests;
				PRODUCT_NAME = "$(TARGET_NAME)";
				TARGETED_DEVICE_FAMILY = "1,2";
				TEST_TARGET_NAME = ZPZIsaPractice;
			};
			name = Release;
		};
/* End XCBuildConfiguration section */

/* Begin XCConfigurationList section */
		DB708C661FC55735009D850B /* Build configuration list for PBXProject "ZPZIsaPractice" */ = {
			isa = XCConfigurationList;
			buildConfigurations = (
				DB708C951FC55735009D850B /* Debug */,
				DB708C961FC55735009D850B /* Release */,
			);
			defaultConfigurationIsVisible = 0;
			defaultConfigurationName = Release;
		};
		DB708C971FC55735009D850B /* Build configuration list for PBXNativeTarget "ZPZIsaPractice" */ = {
			isa = XCConfigurationList;
			buildConfigurations = (
				DB708C981FC55735009D850B /* Debug */,
				DB708C991FC55735009D850B /* Release */,
			);
			defaultConfigurationIsVisible = 0;
			defaultConfigurationName = Release;
		};
		DB708C9A1FC55735009D850B /* Build configuration list for PBXNativeTarget "ZPZIsaPracticeTests" */ = {
			isa = XCConfigurationList;
			buildConfigurations = (
				DB708C9B1FC55735009D850B /* Debug */,
				DB708C9C1FC55735009D850B /* Release */,
			);
			defaultConfigurationIsVisible = 0;
			defaultConfigurationName = Release;
		};
		DB708C9D1FC55735009D850B /* Build configuration list for PBXNativeTarget "ZPZIsaPracticeUITests" */ = {
			isa = XCConfigurationList;
			buildConfigurations = (
				DB708C9E1FC55735009D850B /* Debug */,
				DB708C9F1FC55735009D850B /* Release */,
			);
			defaultConfigurationIsVisible = 0;
			defaultConfigurationName = Release;
		};
/* End XCConfigurationList section */
	};
	rootObject = DB708C631FC55735009D850B /* Project object */;
}
