// !$*UTF8*$!
{
	archiveVersion = 1;
	classes = {
	};
	objectVersion = 48;
	objects = {

/* Begin PBXBuildFile section */
		DBBAEB441FD0E9A4004961FB /* AppDelegate.m in Sources */ = {isa = PBXBuildFile; fileRef = DBBAEB431FD0E9A4004961FB /* AppDelegate.m */; };
		DBBAEB471FD0E9A4004961FB /* ViewController.m in Sources */ = {isa = PBXBuildFile; fileRef = DBBAEB461FD0E9A4004961FB /* ViewController.m */; };
		DBBAEB4C1FD0E9A4004961FB /* Assets.xcassets in Resources */ = {isa = PBXBuildFile; fileRef = DBBAEB4B1FD0E9A4004961FB /* Assets.xcassets */; };
		DBBAEB4F1FD0E9A4004961FB /* LaunchScreen.storyboard in Resources */ = {isa = PBXBuildFile; fileRef = DBBAEB4D1FD0E9A4004961FB /* LaunchScreen.storyboard */; };
		DBBAEB521FD0E9A4004961FB /* main.m in Sources */ = {isa = PBXBuildFile; fileRef = DBBAEB511FD0E9A4004961FB /* main.m */; };
		DBBAEB5C1FD0E9A4004961FB /* ZPZTextViewPracticeTests.m in Sources */ = {isa = PBXBuildFile; fileRef = DBBAEB5B1FD0E9A4004961FB /* ZPZTextViewPracticeTests.m */; };
		DBBAEB671FD0E9A4004961FB /* ZPZTextViewPracticeUITests.m in Sources */ = {isa = PBXBuildFile; fileRef = DBBAEB661FD0E9A4004961FB /* ZPZTextViewPracticeUITests.m */; };
/* End PBXBuildFile section */

/* Begin PBXContainerItemProxy section */
		DBBAEB581FD0E9A4004961FB /* PBXContainerItemProxy */ = {
			isa = PBXContainerItemProxy;
			containerPortal = DBBAEB371FD0E9A4004961FB /* Project object */;
			proxyType = 1;
			remoteGlobalIDString = DBBAEB3E1FD0E9A4004961FB;
			remoteInfo = ZPZTextViewPractice;
		};
		DBBAEB631FD0E9A4004961FB /* PBXContainerItemProxy */ = {
			isa = PBXContainerItemProxy;
			containerPortal = DBBAEB371FD0E9A4004961FB /* Project object */;
			proxyType = 1;
			remoteGlobalIDString = DBBAEB3E1FD0E9A4004961FB;
			remoteInfo = ZPZTextViewPractice;
		};
/* End PBXContainerItemProxy section */

/* Begin PBXFileReference section */
		DBBAEB3F1FD0E9A4004961FB /* ZPZTextViewPractice.app */ = {isa = PBXFileReference; explicitFileType = wrapper.application; includeInIndex = 0; path = ZPZTextViewPractice.app; sourceTree = BUILT_PRODUCTS_DIR; };
		DBBAEB421FD0E9A4004961FB /* AppDelegate.h */ = {isa = PBXFileReference; lastKnownFileType = sourcecode.c.h; path = AppDelegate.h; sourceTree = "<group>"; };
		DBBAEB431FD0E9A4004961FB /* AppDelegate.m */ = {isa = PBXFileReference; lastKnownFileType = sourcecode.c.objc; path = AppDelegate.m; sourceTree = "<group>"; };
		DBBAEB451FD0E9A4004961FB /* ViewController.h */ = {isa = PBXFileReference; lastKnownFileType = sourcecode.c.h; path = ViewController.h; sourceTree = "<group>"; };
		DBBAEB461FD0E9A4004961FB /* ViewController.m */ = {isa = PBXFileReference; lastKnownFileType = sourcecode.c.objc; path = ViewController.m; sourceTree = "<group>"; };
		DBBAEB4B1FD0E9A4004961FB /* Assets.xcassets */ = {isa = PBXFileReference; lastKnownFileType = folder.assetcatalog; path = Assets.xcassets; sourceTree = "<group>"; };
		DBBAEB4E1FD0E9A4004961FB /* Base */ = {isa = PBXFileReference; lastKnownFileType = file.storyboard; name = Base; path = Base.lproj/LaunchScreen.storyboard; sourceTree = "<group>"; };
		DBBAEB501FD0E9A4004961FB /* Info.plist */ = {isa = PBXFileReference; lastKnownFileType = text.plist.xml; path = Info.plist; sourceTree = "<group>"; };
		DBBAEB511FD0E9A4004961FB /* main.m */ = {isa = PBXFileReference; lastKnownFileType = sourcecode.c.objc; path = main.m; sourceTree = "<group>"; };
		DBBAEB571FD0E9A4004961FB /* ZPZTextViewPracticeTests.xctest */ = {isa = PBXFileReference; explicitFileType = wrapper.cfbundle; includeInIndex = 0; path = ZPZTextViewPracticeTests.xctest; sourceTree = BUILT_PRODUCTS_DIR; };
		DBBAEB5B1FD0E9A4004961FB /* ZPZTextViewPracticeTests.m */ = {isa = PBXFileReference; lastKnownFileType = sourcecode.c.objc; path = ZPZTextViewPracticeTests.m; sourceTree = "<group>"; };
		DBBAEB5D1FD0E9A4004961FB /* Info.plist */ = {isa = PBXFileReference; lastKnownFileType = text.plist.xml; path = Info.plist; sourceTree = "<group>"; };
		DBBAEB621FD0E9A4004961FB /* ZPZTextViewPracticeUITests.xctest */ = {isa = PBXFileReference; explicitFileType = wrapper.cfbundle; includeInIndex = 0; path = ZPZTextViewPracticeUITests.xctest; sourceTree = BUILT_PRODUCTS_DIR; };
		DBBAEB661FD0E9A4004961FB /* ZPZTextViewPracticeUITests.m */ = {isa = PBXFileReference; lastKnownFileType = sourcecode.c.objc; path = ZPZTextViewPracticeUITests.m; sourceTree = "<group>"; };
		DBBAEB681FD0E9A4004961FB /* Info.plist */ = {isa = PBXFileReference; lastKnownFileType = text.plist.xml; path = Info.plist; sourceTree = "<group>"; };
/* End PBXFileReference section */

/* Begin PBXFrameworksBuildPhase section */
		DBBAEB3C1FD0E9A4004961FB /* Frameworks */ = {
			isa = PBXFrameworksBuildPhase;
			buildActionMask = 2147483647;
			files = (
			);
			runOnlyForDeploymentPostprocessing = 0;
		};
		DBBAEB541FD0E9A4004961FB /* Frameworks */ = {
			isa = PBXFrameworksBuildPhase;
			buildActionMask = 2147483647;
			files = (
			);
			runOnlyForDeploymentPostprocessing = 0;
		};
		DBBAEB5F1FD0E9A4004961FB /* Frameworks */ = {
			isa = PBXFrameworksBuildPhase;
			buildActionMask = 2147483647;
			files = (
			);
			runOnlyForDeploymentPostprocessing = 0;
		};
/* End PBXFrameworksBuildPhase section */

/* Begin PBXGroup section */
		DBBAEB361FD0E9A4004961FB = {
			isa = PBXGroup;
			children = (
				DBBAEB411FD0E9A4004961FB /* ZPZTextViewPractice */,
				DBBAEB5A1FD0E9A4004961FB /* ZPZTextViewPracticeTests */,
				DBBAEB651FD0E9A4004961FB /* ZPZTextViewPracticeUITests */,
				DBBAEB401FD0E9A4004961FB /* Products */,
			);
			sourceTree = "<group>";
		};
		DBBAEB401FD0E9A4004961FB /* Products */ = {
			isa = PBXGroup;
			children = (
				DBBAEB3F1FD0E9A4004961FB /* ZPZTextViewPractice.app */,
				DBBAEB571FD0E9A4004961FB /* ZPZTextViewPracticeTests.xctest */,
				DBBAEB621FD0E9A4004961FB /* ZPZTextViewPracticeUITests.xctest */,
			);
			name = Products;
			sourceTree = "<group>";
		};
		DBBAEB411FD0E9A4004961FB /* ZPZTextViewPractice */ = {
			isa = PBXGroup;
			children = (
				DBBAEB421FD0E9A4004961FB /* AppDelegate.h */,
				DBBAEB431FD0E9A4004961FB /* AppDelegate.m */,
				DBBAEB451FD0E9A4004961FB /* ViewController.h */,
				DBBAEB461FD0E9A4004961FB /* ViewController.m */,
				DBBAEB4B1FD0E9A4004961FB /* Assets.xcassets */,
				DBBAEB4D1FD0E9A4004961FB /* LaunchScreen.storyboard */,
				DBBAEB501FD0E9A4004961FB /* Info.plist */,
				DBBAEB511FD0E9A4004961FB /* main.m */,
			);
			path = ZPZTextViewPractice;
			sourceTree = "<group>";
		};
		DBBAEB5A1FD0E9A4004961FB /* ZPZTextViewPracticeTests */ = {
			isa = PBXGroup;
			children = (
				DBBAEB5B1FD0E9A4004961FB /* ZPZTextViewPracticeTests.m */,
				DBBAEB5D1FD0E9A4004961FB /* Info.plist */,
			);
			path = ZPZTextViewPracticeTests;
			sourceTree = "<group>";
		};
		DBBAEB651FD0E9A4004961FB /* ZPZTextViewPracticeUITests */ = {
			isa = PBXGroup;
			children = (
				DBBAEB661FD0E9A4004961FB /* ZPZTextViewPracticeUITests.m */,
				DBBAEB681FD0E9A4004961FB /* Info.plist */,
			);
			path = ZPZTextViewPracticeUITests;
			sourceTree = "<group>";
		};
/* End PBXGroup section */

/* Begin PBXNativeTarget section */
		DBBAEB3E1FD0E9A4004961FB /* ZPZTextViewPractice */ = {
			isa = PBXNativeTarget;
			buildConfigurationList = DBBAEB6B1FD0E9A4004961FB /* Build configuration list for PBXNativeTarget "ZPZTextViewPractice" */;
			buildPhases = (
				DBBAEB3B1FD0E9A4004961FB /* Sources */,
				DBBAEB3C1FD0E9A4004961FB /* Frameworks */,
				DBBAEB3D1FD0E9A4004961FB /* Resources */,
			);
			buildRules = (
			);
			dependencies = (
			);
			name = ZPZTextViewPractice;
			productName = ZPZTextViewPractice;
			productReference = DBBAEB3F1FD0E9A4004961FB /* ZPZTextViewPractice.app */;
			productType = "com.apple.product-type.application";
		};
		DBBAEB561FD0E9A4004961FB /* ZPZTextViewPracticeTests */ = {
			isa = PBXNativeTarget;
			buildConfigurationList = DBBAEB6E1FD0E9A4004961FB /* Build configuration list for PBXNativeTarget "ZPZTextViewPracticeTests" */;
			buildPhases = (
				DBBAEB531FD0E9A4004961FB /* Sources */,
				DBBAEB541FD0E9A4004961FB /* Frameworks */,
				DBBAEB551FD0E9A4004961FB /* Resources */,
			);
			buildRules = (
			);
			dependencies = (
				DBBAEB591FD0E9A4004961FB /* PBXTargetDependency */,
			);
			name = ZPZTextViewPracticeTests;
			productName = ZPZTextViewPracticeTests;
			productReference = DBBAEB571FD0E9A4004961FB /* ZPZTextViewPracticeTests.xctest */;
			productType = "com.apple.product-type.bundle.unit-test";
		};
		DBBAEB611FD0E9A4004961FB /* ZPZTextViewPracticeUITests */ = {
			isa = PBXNativeTarget;
			buildConfigurationList = DBBAEB711FD0E9A4004961FB /* Build configuration list for PBXNativeTarget "ZPZTextViewPracticeUITests" */;
			buildPhases = (
				DBBAEB5E1FD0E9A4004961FB /* Sources */,
				DBBAEB5F1FD0E9A4004961FB /* Frameworks */,
				DBBAEB601FD0E9A4004961FB /* Resources */,
			);
			buildRules = (
			);
			dependencies = (
				DBBAEB641FD0E9A4004961FB /* PBXTargetDependency */,
			);
			name = ZPZTextViewPracticeUITests;
			productName = ZPZTextViewPracticeUITests;
			productReference = DBBAEB621FD0E9A4004961FB /* ZPZTextViewPracticeUITests.xctest */;
			productType = "com.apple.product-type.bundle.ui-testing";
		};
/* End PBXNativeTarget section */

/* Begin PBXProject section */
		DBBAEB371FD0E9A4004961FB /* Project object */ = {
			isa = PBXProject;
			attributes = {
				LastUpgradeCheck = 0910;
				ORGANIZATIONNAME = zhoupengzu;
				TargetAttributes = {
					DBBAEB3E1FD0E9A4004961FB = {
						CreatedOnToolsVersion = 9.1;
						ProvisioningStyle = Automatic;
					};
					DBBAEB561FD0E9A4004961FB = {
						CreatedOnToolsVersion = 9.1;
						ProvisioningStyle = Automatic;
						TestTargetID = DBBAEB3E1FD0E9A4004961FB;
					};
					DBBAEB611FD0E9A4004961FB = {
						CreatedOnToolsVersion = 9.1;
						ProvisioningStyle = Automatic;
						TestTargetID = DBBAEB3E1FD0E9A4004961FB;
					};
				};
			};
			buildConfigurationList = DBBAEB3A1FD0E9A4004961FB /* Build configuration list for PBXProject "ZPZTextViewPractice" */;
			compatibilityVersion = "Xcode 8.0";
			developmentRegion = en;
			hasScannedForEncodings = 0;
			knownRegions = (
				en,
				Base,
			);
			mainGroup = DBBAEB361FD0E9A4004961FB;
			productRefGroup = DBBAEB401FD0E9A4004961FB /* Products */;
			projectDirPath = "";
			projectRoot = "";
			targets = (
				DBBAEB3E1FD0E9A4004961FB /* ZPZTextViewPractice */,
				DBBAEB561FD0E9A4004961FB /* ZPZTextViewPracticeTests */,
				DBBAEB611FD0E9A4004961FB /* ZPZTextViewPracticeUITests */,
			);
		};
/* End PBXProject section */

/* Begin PBXResourcesBuildPhase section */
		DBBAEB3D1FD0E9A4004961FB /* Resources */ = {
			isa = PBXResourcesBuildPhase;
			buildActionMask = 2147483647;
			files = (
				DBBAEB4F1FD0E9A4004961FB /* LaunchScreen.storyboard in Resources */,
				DBBAEB4C1FD0E9A4004961FB /* Assets.xcassets in Resources */,
			);
			runOnlyForDeploymentPostprocessing = 0;
		};
		DBBAEB551FD0E9A4004961FB /* Resources */ = {
			isa = PBXResourcesBuildPhase;
			buildActionMask = 2147483647;
			files = (
			);
			runOnlyForDeploymentPostprocessing = 0;
		};
		DBBAEB601FD0E9A4004961FB /* Resources */ = {
			isa = PBXResourcesBuildPhase;
			buildActionMask = 2147483647;
			files = (
			);
			runOnlyForDeploymentPostprocessing = 0;
		};
/* End PBXResourcesBuildPhase section */

/* Begin PBXSourcesBuildPhase section */
		DBBAEB3B1FD0E9A4004961FB /* Sources */ = {
			isa = PBXSourcesBuildPhase;
			buildActionMask = 2147483647;
			files = (
				DBBAEB471FD0E9A4004961FB /* ViewController.m in Sources */,
				DBBAEB521FD0E9A4004961FB /* main.m in Sources */,
				DBBAEB441FD0E9A4004961FB /* AppDelegate.m in Sources */,
			);
			runOnlyForDeploymentPostprocessing = 0;
		};
		DBBAEB531FD0E9A4004961FB /* Sources */ = {
			isa = PBXSourcesBuildPhase;
			buildActionMask = 2147483647;
			files = (
				DBBAEB5C1FD0E9A4004961FB /* ZPZTextViewPracticeTests.m in Sources */,
			);
			runOnlyForDeploymentPostprocessing = 0;
		};
		DBBAEB5E1FD0E9A4004961FB /* Sources */ = {
			isa = PBXSourcesBuildPhase;
			buildActionMask = 2147483647;
			files = (
				DBBAEB671FD0E9A4004961FB /* ZPZTextViewPracticeUITests.m in Sources */,
			);
			runOnlyForDeploymentPostprocessing = 0;
		};
/* End PBXSourcesBuildPhase section */

/* Begin PBXTargetDependency section */
		DBBAEB591FD0E9A4004961FB /* PBXTargetDependency */ = {
			isa = PBXTargetDependency;
			target = DBBAEB3E1FD0E9A4004961FB /* ZPZTextViewPractice */;
			targetProxy = DBBAEB581FD0E9A4004961FB /* PBXContainerItemProxy */;
		};
		DBBAEB641FD0E9A4004961FB /* PBXTargetDependency */ = {
			isa = PBXTargetDependency;
			target = DBBAEB3E1FD0E9A4004961FB /* ZPZTextViewPractice */;
			targetProxy = DBBAEB631FD0E9A4004961FB /* PBXContainerItemProxy */;
		};
/* End PBXTargetDependency section */

/* Begin PBXVariantGroup section */
		DBBAEB4D1FD0E9A4004961FB /* LaunchScreen.storyboard */ = {
			isa = PBXVariantGroup;
			children = (
				DBBAEB4E1FD0E9A4004961FB /* Base */,
			);
			name = LaunchScreen.storyboard;
			sourceTree = "<group>";
		};
/* End PBXVariantGroup section */

/* Begin XCBuildConfiguration section */
		DBBAEB691FD0E9A4004961FB /* Debug */ = {
			isa = XCBuildConfiguration;
			buildSettings = {
				ALWAYS_SEARCH_USER_PATHS = NO;
				CLANG_ANALYZER_NONNULL = YES;
				CLANG_ANALYZER_NUMBER_OBJECT_CONVERSION = YES_AGGRESSIVE;
				CLANG_CXX_LANGUAGE_STANDARD = "gnu++14";
				CLANG_CXX_LIBRARY = "libc++";
				CLANG_ENABLE_MODULES = YES;
				CLANG_ENABLE_OBJC_ARC = YES;
				CLANG_WARN_BLOCK_CAPTURE_AUTORELEASING = YES;
				CLANG_WARN_BOOL_CONVERSION = YES;
				CLANG_WARN_COMMA = YES;
				CLANG_WARN_CONSTANT_CONVERSION = YES;
				CLANG_WARN_DIRECT_OBJC_ISA_USAGE = YES_ERROR;
				CLANG_WARN_DOCUMENTATION_COMMENTS = YES;
				CLANG_WARN_EMPTY_BODY = YES;
				CLANG_WARN_ENUM_CONVERSION = YES;
				CLANG_WARN_INFINITE_RECURSION = YES;
				CLANG_WARN_INT_CONVERSION = YES;
				CLANG_WARN_NON_LITERAL_NULL_CONVERSION = YES;
				CLANG_WARN_OBJC_LITERAL_CONVERSION = YES;
				CLANG_WARN_OBJC_ROOT_CLASS = YES_ERROR;
				CLANG_WARN_RANGE_LOOP_ANALYSIS = YES;
				CLANG_WARN_STRICT_PROTOTYPES = YES;
				CLANG_WARN_SUSPICIOUS_MOVE = YES;
				CLANG_WARN_UNGUARDED_AVAILABILITY = YES_AGGRESSIVE;
				CLANG_WARN_UNREACHABLE_CODE = YES;
				CLANG_WARN__DUPLICATE_METHOD_MATCH = YES;
				CODE_SIGN_IDENTITY = "iPhone Developer";
				COPY_PHASE_STRIP = NO;
				DEBUG_INFORMATION_FORMAT = dwarf;
				ENABLE_STRICT_OBJC_MSGSEND = YES;
				ENABLE_TESTABILITY = YES;
				GCC_C_LANGUAGE_STANDARD = gnu11;
				GCC_DYNAMIC_NO_PIC = NO;
				GCC_NO_COMMON_BLOCKS = YES;
				GCC_OPTIMIZATION_LEVEL = 0;
				GCC_PREPROCESSOR_DEFINITIONS = (
					"DEBUG=1",
					"$(inherited)",
				);
				GCC_WARN_64_TO_32_BIT_CONVERSION = YES;
				GCC_WARN_ABOUT_RETURN_TYPE = YES_ERROR;
				GCC_WARN_UNDECLARED_SELECTOR = YES;
				GCC_WARN_UNINITIALIZED_AUTOS = YES_AGGRESSIVE;
				GCC_WARN_UNUSED_FUNCTION = YES;
				GCC_WARN_UNUSED_VARIABLE = YES;
				IPHONEOS_DEPLOYMENT_TARGET = 11.1;
				MTL_ENABLE_DEBUG_INFO = YES;
				ONLY_ACTIVE_ARCH = YES;
				SDKROOT = iphoneos;
			};
			name = Debug;
		};
		DBBAEB6A1FD0E9A4004961FB /* Release */ = {
			isa = XCBuildConfiguration;
			buildSettings = {
				ALWAYS_SEARCH_USER_PATHS = NO;
				CLANG_ANALYZER_NONNULL = YES;
				CLANG_ANALYZER_NUMBER_OBJECT_CONVERSION = YES_AGGRESSIVE;
				CLANG_CXX_LANGUAGE_STANDARD = "gnu++14";
				CLANG_CXX_LIBRARY = "libc++";
				CLANG_ENABLE_MODULES = YES;
				CLANG_ENABLE_OBJC_ARC = YES;
				CLANG_WARN_BLOCK_CAPTURE_AUTORELEASING = YES;
				CLANG_WARN_BOOL_CONVERSION = YES;
				CLANG_WARN_COMMA = YES;
				CLANG_WARN_CONSTANT_CONVERSION = YES;
				CLANG_WARN_DIRECT_OBJC_ISA_USAGE = YES_ERROR;
				CLANG_WARN_DOCUMENTATION_COMMENTS = YES;
				CLANG_WARN_EMPTY_BODY = YES;
				CLANG_WARN_ENUM_CONVERSION = YES;
				CLANG_WARN_INFINITE_RECURSION = YES;
				CLANG_WARN_INT_CONVERSION = YES;
				CLANG_WARN_NON_LITERAL_NULL_CONVERSION = YES;
				CLANG_WARN_OBJC_LITERAL_CONVERSION = YES;
				CLANG_WARN_OBJC_ROOT_CLASS = YES_ERROR;
				CLANG_WARN_RANGE_LOOP_ANALYSIS = YES;
				CLANG_WARN_STRICT_PROTOTYPES = YES;
				CLANG_WARN_SUSPICIOUS_MOVE = YES;
				CLANG_WARN_UNGUARDED_AVAILABILITY = YES_AGGRESSIVE;
				CLANG_WARN_UNREACHABLE_CODE = YES;
				CLANG_WARN__DUPLICATE_METHOD_MATCH = YES;
				CODE_SIGN_IDENTITY = "iPhone Developer";
				COPY_PHASE_STRIP = NO;
				DEBUG_INFORMATION_FORMAT = "dwarf-with-dsym";
				ENABLE_NS_ASSERTIONS = NO;
				ENABLE_STRICT_OBJC_MSGSEND = YES;
				GCC_C_LANGUAGE_STANDARD = gnu11;
				GCC_NO_COMMON_BLOCKS = YES;
				GCC_WARN_64_TO_32_BIT_CONVERSION = YES;
				GCC_WARN_ABOUT_RETURN_TYPE = YES_ERROR;
				GCC_WARN_UNDECLARED_SELECTOR = YES;
				GCC_WARN_UNINITIALIZED_AUTOS = YES_AGGRESSIVE;
				GCC_WARN_UNUSED_FUNCTION = YES;
				GCC_WARN_UNUSED_VARIABLE = YES;
				IPHONEOS_DEPLOYMENT_TARGET = 11.1;
				MTL_ENABLE_DEBUG_INFO = NO;
				SDKROOT = iphoneos;
				VALIDATE_PRODUCT = YES;
			};
			name = Release;
		};
		DBBAEB6C1FD0E9A4004961FB /* Debug */ = {
			isa = XCBuildConfiguration;
			buildSettings = {
				ASSETCATALOG_COMPILER_APPICON_NAME = AppIcon;
				CODE_SIGN_STYLE = Automatic;
				DEVELOPMENT_TEAM = 9XTQKWEYF3;
				INFOPLIST_FILE = ZPZTextViewPractice/Info.plist;
				IPHONEOS_DEPLOYMENT_TARGET = 8.0;
				LD_RUNPATH_SEARCH_PATHS = "$(inherited) @executable_path/Frameworks";
				PRODUCT_BUNDLE_IDENTIFIER = pengzuzhou.ZPZTextViewPractice;
				PRODUCT_NAME = "$(TARGET_NAME)";
				TARGETED_DEVICE_FAMILY = "1,2";
			};
			name = Debug;
		};
		DBBAEB6D1FD0E9A4004961FB /* Release */ = {
			isa = XCBuildConfiguration;
			buildSettings = {
				ASSETCATALOG_COMPILER_APPICON_NAME = AppIcon;
				CODE_SIGN_STYLE = Automatic;
				DEVELOPMENT_TEAM = 9XTQKWEYF3;
				INFOPLIST_FILE = ZPZTextViewPractice/Info.plist;
				IPHONEOS_DEPLOYMENT_TARGET = 8.0;
				LD_RUNPATH_SEARCH_PATHS = "$(inherited) @executable_path/Frameworks";
				PRODUCT_BUNDLE_IDENTIFIER = pengzuzhou.ZPZTextViewPractice;
				PRODUCT_NAME = "$(TARGET_NAME)";
				TARGETED_DEVICE_FAMILY = "1,2";
			};
			name = Release;
		};
		DBBAEB6F1FD0E9A4004961FB /* Debug */ = {
			isa = XCBuildConfiguration;
			buildSettings = {
				BUNDLE_LOADER = "$(TEST_HOST)";
				CODE_SIGN_STYLE = Automatic;
				DEVELOPMENT_TEAM = 9XTQKWEYF3;
				INFOPLIST_FILE = ZPZTextViewPracticeTests/Info.plist;
				LD_RUNPATH_SEARCH_PATHS = "$(inherited) @executable_path/Frameworks @loader_path/Frameworks";
				PRODUCT_BUNDLE_IDENTIFIER = pengzuzhou.ZPZTextViewPracticeTests;
				PRODUCT_NAME = "$(TARGET_NAME)";
				TARGETED_DEVICE_FAMILY = "1,2";
				TEST_HOST = "$(BUILT_PRODUCTS_DIR)/ZPZTextViewPractice.app/ZPZTextViewPractice";
			};
			name = Debug;
		};
		DBBAEB701FD0E9A4004961FB /* Release */ = {
			isa = XCBuildConfiguration;
			buildSettings = {
				BUNDLE_LOADER = "$(TEST_HOST)";
				CODE_SIGN_STYLE = Automatic;
				DEVELOPMENT_TEAM = 9XTQKWEYF3;
				INFOPLIST_FILE = ZPZTextViewPracticeTests/Info.plist;
				LD_RUNPATH_SEARCH_PATHS = "$(inherited) @executable_path/Frameworks @loader_path/Frameworks";
				PRODUCT_BUNDLE_IDENTIFIER = pengzuzhou.ZPZTextViewPracticeTests;
				PRODUCT_NAME = "$(TARGET_NAME)";
				TARGETED_DEVICE_FAMILY = "1,2";
				TEST_HOST = "$(BUILT_PRODUCTS_DIR)/ZPZTextViewPractice.app/ZPZTextViewPractice";
			};
			name = Release;
		};
		DBBAEB721FD0E9A4004961FB /* Debug */ = {
			isa = XCBuildConfiguration;
			buildSettings = {
				CODE_SIGN_STYLE = Automatic;
				DEVELOPMENT_TEAM = 9XTQKWEYF3;
				INFOPLIST_FILE = ZPZTextViewPracticeUITests/Info.plist;
				LD_RUNPATH_SEARCH_PATHS = "$(inherited) @executable_path/Frameworks @loader_path/Frameworks";
				PRODUCT_BUNDLE_IDENTIFIER = pengzuzhou.ZPZTextViewPracticeUITests;
				PRODUCT_NAME = "$(TARGET_NAME)";
				TARGETED_DEVICE_FAMILY = "1,2";
				TEST_TARGET_NAME = ZPZTextViewPractice;
			};
			name = Debug;
		};
		DBBAEB731FD0E9A4004961FB /* Release */ = {
			isa = XCBuildConfiguration;
			buildSettings = {
				CODE_SIGN_STYLE = Automatic;
				DEVELOPMENT_TEAM = 9XTQKWEYF3;
				INFOPLIST_FILE = ZPZTextViewPracticeUITests/Info.plist;
				LD_RUNPATH_SEARCH_PATHS = "$(inherited) @executable_path/Frameworks @loader_path/Frameworks";
				PRODUCT_BUNDLE_IDENTIFIER = pengzuzhou.ZPZTextViewPracticeUITests;
				PRODUCT_NAME = "$(TARGET_NAME)";
				TARGETED_DEVICE_FAMILY = "1,2";
				TEST_TARGET_NAME = ZPZTextViewPractice;
			};
			name = Release;
		};
/* End XCBuildConfiguration section */

/* Begin XCConfigurationList section */
		DBBAEB3A1FD0E9A4004961FB /* Build configuration list for PBXProject "ZPZTextViewPractice" */ = {
			isa = XCConfigurationList;
			buildConfigurations = (
				DBBAEB691FD0E9A4004961FB /* Debug */,
				DBBAEB6A1FD0E9A4004961FB /* Release */,
			);
			defaultConfigurationIsVisible = 0;
			defaultConfigurationName = Release;
		};
		DBBAEB6B1FD0E9A4004961FB /* Build configuration list for PBXNativeTarget "ZPZTextViewPractice" */ = {
			isa = XCConfigurationList;
			buildConfigurations = (
				DBBAEB6C1FD0E9A4004961FB /* Debug */,
				DBBAEB6D1FD0E9A4004961FB /* Release */,
			);
			defaultConfigurationIsVisible = 0;
			defaultConfigurationName = Release;
		};
		DBBAEB6E1FD0E9A4004961FB /* Build configuration list for PBXNativeTarget "ZPZTextViewPracticeTests" */ = {
			isa = XCConfigurationList;
			buildConfigurations = (
				DBBAEB6F1FD0E9A4004961FB /* Debug */,
				DBBAEB701FD0E9A4004961FB /* Release */,
			);
			defaultConfigurationIsVisible = 0;
			defaultConfigurationName = Release;
		};
		DBBAEB711FD0E9A4004961FB /* Build configuration list for PBXNativeTarget "ZPZTextViewPracticeUITests" */ = {
			isa = XCConfigurationList;
			buildConfigurations = (
				DBBAEB721FD0E9A4004961FB /* Debug */,
				DBBAEB731FD0E9A4004961FB /* Release */,
			);
			defaultConfigurationIsVisible = 0;
			defaultConfigurationName = Release;
		};
/* End XCConfigurationList section */
	};
	rootObject = DBBAEB371FD0E9A4004961FB /* Project object */;
}
